// !$*UTF8*$!
{
	archiveVersion = 1;
	classes = {
	};
	objectVersion = 53;
	objects = {

/* Begin PBXBuildFile section */
		0374751F2581167C00211084 /* BIP39.framework in Frameworks */ = {isa = PBXBuildFile; fileRef = 037475152581167C00211084 /* BIP39.framework */; };
		037475242581167C00211084 /* BIP39Tests.swift in Sources */ = {isa = PBXBuildFile; fileRef = 037475232581167C00211084 /* BIP39Tests.swift */; };
		037475262581167C00211084 /* BIP39.h in Headers */ = {isa = PBXBuildFile; fileRef = 037475182581167C00211084 /* BIP39.h */; };
		0374753B2581173C00211084 /* BIP39.swift in Sources */ = {isa = PBXBuildFile; fileRef = 0374753A2581173C00211084 /* BIP39.swift */; };
		037475552581222B00211084 /* TestUtils.swift in Sources */ = {isa = PBXBuildFile; fileRef = 037475542581222B00211084 /* TestUtils.swift */; };
		794CF43829F36D3A0022BA51 /* BIP39.framework in Frameworks */ = {isa = PBXBuildFile; fileRef = 794CF43029F36D390022BA51 /* BIP39.framework */; };
		794CF44529F36D5A0022BA51 /* BIP39.swift in Sources */ = {isa = PBXBuildFile; fileRef = 0374753A2581173C00211084 /* BIP39.swift */; };
		794CF44629F36D5F0022BA51 /* BIP39Tests.swift in Sources */ = {isa = PBXBuildFile; fileRef = 037475232581167C00211084 /* BIP39Tests.swift */; };
		794CF44729F36D5F0022BA51 /* TestUtils.swift in Sources */ = {isa = PBXBuildFile; fileRef = 037475542581222B00211084 /* TestUtils.swift */; };
		794CF44829F36D870022BA51 /* BIP39.h in Headers */ = {isa = PBXBuildFile; fileRef = 037475182581167C00211084 /* BIP39.h */; };
/* End PBXBuildFile section */

/* Begin PBXContainerItemProxy section */
		037475202581167C00211084 /* PBXContainerItemProxy */ = {
			isa = PBXContainerItemProxy;
			containerPortal = 0374750C2581167C00211084 /* Project object */;
			proxyType = 1;
			remoteGlobalIDString = 037475142581167C00211084;
			remoteInfo = BIP39;
		};
		794CF43929F36D3A0022BA51 /* PBXContainerItemProxy */ = {
			isa = PBXContainerItemProxy;
			containerPortal = 0374750C2581167C00211084 /* Project object */;
			proxyType = 1;
			remoteGlobalIDString = 794CF42F29F36D390022BA51;
			remoteInfo = BIP39Mac;
		};
/* End PBXContainerItemProxy section */

/* Begin PBXCopyFilesBuildPhase section */
		03747538258116FA00211084 /* Embed Frameworks */ = {
			isa = PBXCopyFilesBuildPhase;
			buildActionMask = 2147483647;
			dstPath = "";
			dstSubfolderSpec = 10;
			files = (
			);
			name = "Embed Frameworks";
			runOnlyForDeploymentPostprocessing = 0;
		};
/* End PBXCopyFilesBuildPhase section */

/* Begin PBXFileReference section */
		037475152581167C00211084 /* BIP39.framework */ = {isa = PBXFileReference; explicitFileType = wrapper.framework; includeInIndex = 0; path = BIP39.framework; sourceTree = BUILT_PRODUCTS_DIR; };
		037475182581167C00211084 /* BIP39.h */ = {isa = PBXFileReference; lastKnownFileType = sourcecode.c.h; path = BIP39.h; sourceTree = "<group>"; };
		0374751E2581167C00211084 /* BIP39Tests.xctest */ = {isa = PBXFileReference; explicitFileType = wrapper.cfbundle; includeInIndex = 0; path = BIP39Tests.xctest; sourceTree = BUILT_PRODUCTS_DIR; };
		037475232581167C00211084 /* BIP39Tests.swift */ = {isa = PBXFileReference; lastKnownFileType = sourcecode.swift; path = BIP39Tests.swift; sourceTree = "<group>"; };
		0374753A2581173C00211084 /* BIP39.swift */ = {isa = PBXFileReference; lastKnownFileType = sourcecode.swift; path = BIP39.swift; sourceTree = "<group>"; };
		037475542581222B00211084 /* TestUtils.swift */ = {isa = PBXFileReference; lastKnownFileType = sourcecode.swift; path = TestUtils.swift; sourceTree = "<group>"; };
		794CF43029F36D390022BA51 /* BIP39.framework */ = {isa = PBXFileReference; explicitFileType = wrapper.framework; includeInIndex = 0; path = BIP39.framework; sourceTree = BUILT_PRODUCTS_DIR; };
		794CF43729F36D390022BA51 /* BIP39MacTests.xctest */ = {isa = PBXFileReference; explicitFileType = wrapper.cfbundle; includeInIndex = 0; path = BIP39MacTests.xctest; sourceTree = BUILT_PRODUCTS_DIR; };
/* End PBXFileReference section */

/* Begin PBXFrameworksBuildPhase section */
		037475122581167C00211084 /* Frameworks */ = {
			isa = PBXFrameworksBuildPhase;
			buildActionMask = 2147483647;
			files = (
			);
			runOnlyForDeploymentPostprocessing = 0;
		};
		0374751B2581167C00211084 /* Frameworks */ = {
			isa = PBXFrameworksBuildPhase;
			buildActionMask = 2147483647;
			files = (
				0374751F2581167C00211084 /* BIP39.framework in Frameworks */,
			);
			runOnlyForDeploymentPostprocessing = 0;
		};
		794CF42D29F36D390022BA51 /* Frameworks */ = {
			isa = PBXFrameworksBuildPhase;
			buildActionMask = 2147483647;
			files = (
			);
			runOnlyForDeploymentPostprocessing = 0;
		};
		794CF43429F36D390022BA51 /* Frameworks */ = {
			isa = PBXFrameworksBuildPhase;
			buildActionMask = 2147483647;
			files = (
				794CF43829F36D3A0022BA51 /* BIP39.framework in Frameworks */,
			);
			runOnlyForDeploymentPostprocessing = 0;
		};
/* End PBXFrameworksBuildPhase section */

/* Begin PBXGroup section */
		0374750B2581167C00211084 = {
			isa = PBXGroup;
			children = (
				037475172581167C00211084 /* BIP39 */,
				037475222581167C00211084 /* BIP39Tests */,
				037475162581167C00211084 /* Products */,
			);
			sourceTree = "<group>";
		};
		037475162581167C00211084 /* Products */ = {
			isa = PBXGroup;
			children = (
				037475152581167C00211084 /* BIP39.framework */,
				0374751E2581167C00211084 /* BIP39Tests.xctest */,
				794CF43029F36D390022BA51 /* BIP39.framework */,
				794CF43729F36D390022BA51 /* BIP39MacTests.xctest */,
			);
			name = Products;
			sourceTree = "<group>";
		};
		037475172581167C00211084 /* BIP39 */ = {
			isa = PBXGroup;
			children = (
				037475182581167C00211084 /* BIP39.h */,
				0374753A2581173C00211084 /* BIP39.swift */,
			);
			path = BIP39;
			sourceTree = "<group>";
		};
		037475222581167C00211084 /* BIP39Tests */ = {
			isa = PBXGroup;
			children = (
				037475232581167C00211084 /* BIP39Tests.swift */,
				037475542581222B00211084 /* TestUtils.swift */,
			);
			path = BIP39Tests;
			sourceTree = "<group>";
		};
/* End PBXGroup section */

/* Begin PBXHeadersBuildPhase section */
		037475102581167C00211084 /* Headers */ = {
			isa = PBXHeadersBuildPhase;
			buildActionMask = 2147483647;
			files = (
				037475262581167C00211084 /* BIP39.h in Headers */,
			);
			runOnlyForDeploymentPostprocessing = 0;
		};
		794CF42B29F36D390022BA51 /* Headers */ = {
			isa = PBXHeadersBuildPhase;
			buildActionMask = 2147483647;
			files = (
				794CF44829F36D870022BA51 /* BIP39.h in Headers */,
			);
			runOnlyForDeploymentPostprocessing = 0;
		};
/* End PBXHeadersBuildPhase section */

/* Begin PBXNativeTarget section */
		037475142581167C00211084 /* BIP39 */ = {
			isa = PBXNativeTarget;
			buildConfigurationList = 037475292581167C00211084 /* Build configuration list for PBXNativeTarget "BIP39" */;
			buildPhases = (
				037475102581167C00211084 /* Headers */,
				037475112581167C00211084 /* Sources */,
				037475122581167C00211084 /* Frameworks */,
				037475132581167C00211084 /* Resources */,
				03747538258116FA00211084 /* Embed Frameworks */,
			);
			buildRules = (
			);
			dependencies = (
			);
			name = BIP39;
			productName = BIP39;
			productReference = 037475152581167C00211084 /* BIP39.framework */;
			productType = "com.apple.product-type.framework";
		};
		0374751D2581167C00211084 /* BIP39Tests */ = {
			isa = PBXNativeTarget;
			buildConfigurationList = 0374752C2581167C00211084 /* Build configuration list for PBXNativeTarget "BIP39Tests" */;
			buildPhases = (
				0374751A2581167C00211084 /* Sources */,
				0374751B2581167C00211084 /* Frameworks */,
				0374751C2581167C00211084 /* Resources */,
			);
			buildRules = (
			);
			dependencies = (
				037475212581167C00211084 /* PBXTargetDependency */,
			);
			name = BIP39Tests;
			productName = BIP39Tests;
			productReference = 0374751E2581167C00211084 /* BIP39Tests.xctest */;
			productType = "com.apple.product-type.bundle.unit-test";
		};
		794CF42F29F36D390022BA51 /* BIP39Mac */ = {
			isa = PBXNativeTarget;
			buildConfigurationList = 794CF44329F36D3A0022BA51 /* Build configuration list for PBXNativeTarget "BIP39Mac" */;
			buildPhases = (
				794CF42B29F36D390022BA51 /* Headers */,
				794CF42C29F36D390022BA51 /* Sources */,
				794CF42D29F36D390022BA51 /* Frameworks */,
				794CF42E29F36D390022BA51 /* Resources */,
			);
			buildRules = (
			);
			dependencies = (
			);
			name = BIP39Mac;
			productName = BIP39Mac;
			productReference = 794CF43029F36D390022BA51 /* BIP39.framework */;
			productType = "com.apple.product-type.framework";
		};
		794CF43629F36D390022BA51 /* BIP39MacTests */ = {
			isa = PBXNativeTarget;
			buildConfigurationList = 794CF44429F36D3A0022BA51 /* Build configuration list for PBXNativeTarget "BIP39MacTests" */;
			buildPhases = (
				794CF43329F36D390022BA51 /* Sources */,
				794CF43429F36D390022BA51 /* Frameworks */,
				794CF43529F36D390022BA51 /* Resources */,
			);
			buildRules = (
			);
			dependencies = (
				794CF43A29F36D3A0022BA51 /* PBXTargetDependency */,
			);
			name = BIP39MacTests;
			productName = BIP39MacTests;
			productReference = 794CF43729F36D390022BA51 /* BIP39MacTests.xctest */;
			productType = "com.apple.product-type.bundle.unit-test";
		};
/* End PBXNativeTarget section */

/* Begin PBXProject section */
		0374750C2581167C00211084 /* Project object */ = {
			isa = PBXProject;
			attributes = {
				BuildIndependentTargetsInParallel = YES;
				LastSwiftUpdateCheck = 1430;
				LastUpgradeCheck = 1430;
				TargetAttributes = {
					037475142581167C00211084 = {
						CreatedOnToolsVersion = 12.3;
						LastSwiftMigration = 1230;
					};
					0374751D2581167C00211084 = {
						CreatedOnToolsVersion = 12.3;
					};
					794CF42F29F36D390022BA51 = {
						CreatedOnToolsVersion = 14.3;
					};
					794CF43629F36D390022BA51 = {
						CreatedOnToolsVersion = 14.3;
					};
				};
			};
			buildConfigurationList = 0374750F2581167C00211084 /* Build configuration list for PBXProject "BIP39" */;
			compatibilityVersion = "Xcode 9.3";
			developmentRegion = en;
			hasScannedForEncodings = 0;
			knownRegions = (
				en,
				Base,
			);
			mainGroup = 0374750B2581167C00211084;
			productRefGroup = 037475162581167C00211084 /* Products */;
			projectDirPath = "";
			projectRoot = "";
			targets = (
				037475142581167C00211084 /* BIP39 */,
				0374751D2581167C00211084 /* BIP39Tests */,
				794CF42F29F36D390022BA51 /* BIP39Mac */,
				794CF43629F36D390022BA51 /* BIP39MacTests */,
			);
		};
/* End PBXProject section */

/* Begin PBXResourcesBuildPhase section */
		037475132581167C00211084 /* Resources */ = {
			isa = PBXResourcesBuildPhase;
			buildActionMask = 2147483647;
			files = (
			);
			runOnlyForDeploymentPostprocessing = 0;
		};
		0374751C2581167C00211084 /* Resources */ = {
			isa = PBXResourcesBuildPhase;
			buildActionMask = 2147483647;
			files = (
			);
			runOnlyForDeploymentPostprocessing = 0;
		};
		794CF42E29F36D390022BA51 /* Resources */ = {
			isa = PBXResourcesBuildPhase;
			buildActionMask = 2147483647;
			files = (
			);
			runOnlyForDeploymentPostprocessing = 0;
		};
		794CF43529F36D390022BA51 /* Resources */ = {
			isa = PBXResourcesBuildPhase;
			buildActionMask = 2147483647;
			files = (
			);
			runOnlyForDeploymentPostprocessing = 0;
		};
/* End PBXResourcesBuildPhase section */

/* Begin PBXSourcesBuildPhase section */
		037475112581167C00211084 /* Sources */ = {
			isa = PBXSourcesBuildPhase;
			buildActionMask = 2147483647;
			files = (
				0374753B2581173C00211084 /* BIP39.swift in Sources */,
			);
			runOnlyForDeploymentPostprocessing = 0;
		};
		0374751A2581167C00211084 /* Sources */ = {
			isa = PBXSourcesBuildPhase;
			buildActionMask = 2147483647;
			files = (
				037475242581167C00211084 /* BIP39Tests.swift in Sources */,
				037475552581222B00211084 /* TestUtils.swift in Sources */,
			);
			runOnlyForDeploymentPostprocessing = 0;
		};
		794CF42C29F36D390022BA51 /* Sources */ = {
			isa = PBXSourcesBuildPhase;
			buildActionMask = 2147483647;
			files = (
				794CF44529F36D5A0022BA51 /* BIP39.swift in Sources */,
			);
			runOnlyForDeploymentPostprocessing = 0;
		};
		794CF43329F36D390022BA51 /* Sources */ = {
			isa = PBXSourcesBuildPhase;
			buildActionMask = 2147483647;
			files = (
				794CF44629F36D5F0022BA51 /* BIP39Tests.swift in Sources */,
				794CF44729F36D5F0022BA51 /* TestUtils.swift in Sources */,
			);
			runOnlyForDeploymentPostprocessing = 0;
		};
/* End PBXSourcesBuildPhase section */

/* Begin PBXTargetDependency section */
		037475212581167C00211084 /* PBXTargetDependency */ = {
			isa = PBXTargetDependency;
			target = 037475142581167C00211084 /* BIP39 */;
			targetProxy = 037475202581167C00211084 /* PBXContainerItemProxy */;
		};
		794CF43A29F36D3A0022BA51 /* PBXTargetDependency */ = {
			isa = PBXTargetDependency;
			target = 794CF42F29F36D390022BA51 /* BIP39Mac */;
			targetProxy = 794CF43929F36D3A0022BA51 /* PBXContainerItemProxy */;
		};
/* End PBXTargetDependency section */

/* Begin XCBuildConfiguration section */
		037475272581167C00211084 /* Debug */ = {
			isa = XCBuildConfiguration;
			buildSettings = {
				ALWAYS_SEARCH_USER_PATHS = NO;
				BUILD_LIBRARY_FOR_DISTRIBUTION = YES;
				CLANG_ANALYZER_NONNULL = YES;
				CLANG_ANALYZER_NUMBER_OBJECT_CONVERSION = YES_AGGRESSIVE;
				CLANG_CXX_LANGUAGE_STANDARD = "gnu++20";
				CLANG_ENABLE_MODULES = YES;
				CLANG_ENABLE_OBJC_ARC = YES;
				CLANG_ENABLE_OBJC_WEAK = YES;
				CLANG_WARN_BLOCK_CAPTURE_AUTORELEASING = YES;
				CLANG_WARN_BOOL_CONVERSION = YES;
				CLANG_WARN_COMMA = YES;
				CLANG_WARN_CONSTANT_CONVERSION = YES;
				CLANG_WARN_DEPRECATED_OBJC_IMPLEMENTATIONS = YES;
				CLANG_WARN_DIRECT_OBJC_ISA_USAGE = YES_ERROR;
				CLANG_WARN_DOCUMENTATION_COMMENTS = YES;
				CLANG_WARN_EMPTY_BODY = YES;
				CLANG_WARN_ENUM_CONVERSION = YES;
				CLANG_WARN_INFINITE_RECURSION = YES;
				CLANG_WARN_INT_CONVERSION = YES;
				CLANG_WARN_NON_LITERAL_NULL_CONVERSION = YES;
				CLANG_WARN_OBJC_IMPLICIT_RETAIN_SELF = YES;
				CLANG_WARN_OBJC_LITERAL_CONVERSION = YES;
				CLANG_WARN_OBJC_ROOT_CLASS = YES_ERROR;
				CLANG_WARN_QUOTED_INCLUDE_IN_FRAMEWORK_HEADER = YES;
				CLANG_WARN_RANGE_LOOP_ANALYSIS = YES;
				CLANG_WARN_STRICT_PROTOTYPES = YES;
				CLANG_WARN_SUSPICIOUS_MOVE = YES;
				CLANG_WARN_UNGUARDED_AVAILABILITY = YES_AGGRESSIVE;
				CLANG_WARN_UNREACHABLE_CODE = YES;
				CLANG_WARN__DUPLICATE_METHOD_MATCH = YES;
				COPY_PHASE_STRIP = NO;
				CURRENT_PROJECT_VERSION = 1;
				DEBUG_INFORMATION_FORMAT = dwarf;
				ENABLE_STRICT_OBJC_MSGSEND = YES;
				ENABLE_TESTABILITY = YES;
				GCC_C_LANGUAGE_STANDARD = gnu11;
				GCC_DYNAMIC_NO_PIC = NO;
				GCC_NO_COMMON_BLOCKS = YES;
				GCC_OPTIMIZATION_LEVEL = 0;
				GCC_PREPROCESSOR_DEFINITIONS = (
					"DEBUG=1",
					"$(inherited)",
				);
				GCC_WARN_64_TO_32_BIT_CONVERSION = YES;
				GCC_WARN_ABOUT_RETURN_TYPE = YES_ERROR;
				GCC_WARN_UNDECLARED_SELECTOR = YES;
				GCC_WARN_UNINITIALIZED_AUTOS = YES_AGGRESSIVE;
				GCC_WARN_UNUSED_FUNCTION = YES;
				GCC_WARN_UNUSED_VARIABLE = YES;
				MTL_ENABLE_DEBUG_INFO = INCLUDE_SOURCE;
				MTL_FAST_MATH = YES;
				ONLY_ACTIVE_ARCH = YES;
				SDKROOT = iphoneos;
				SWIFT_ACTIVE_COMPILATION_CONDITIONS = DEBUG;
				SWIFT_INCLUDE_PATHS = "\"$(SRCROOT)/../build/libs/$(ARCHS)-apple-$(SHALLOW_BUNDLE_TRIPLE)/bc-bip39/include/bc-bip39\"";
				SWIFT_OPTIMIZATION_LEVEL = "-Onone";
				VERSIONING_SYSTEM = "apple-generic";
				VERSION_INFO_PREFIX = "";
			};
			name = Debug;
		};
		037475282581167C00211084 /* Release */ = {
			isa = XCBuildConfiguration;
			buildSettings = {
				ALWAYS_SEARCH_USER_PATHS = NO;
				BUILD_LIBRARY_FOR_DISTRIBUTION = YES;
				CLANG_ANALYZER_NONNULL = YES;
				CLANG_ANALYZER_NUMBER_OBJECT_CONVERSION = YES_AGGRESSIVE;
				CLANG_CXX_LANGUAGE_STANDARD = "gnu++20";
				CLANG_ENABLE_MODULES = YES;
				CLANG_ENABLE_OBJC_ARC = YES;
				CLANG_ENABLE_OBJC_WEAK = YES;
				CLANG_WARN_BLOCK_CAPTURE_AUTORELEASING = YES;
				CLANG_WARN_BOOL_CONVERSION = YES;
				CLANG_WARN_COMMA = YES;
				CLANG_WARN_CONSTANT_CONVERSION = YES;
				CLANG_WARN_DEPRECATED_OBJC_IMPLEMENTATIONS = YES;
				CLANG_WARN_DIRECT_OBJC_ISA_USAGE = YES_ERROR;
				CLANG_WARN_DOCUMENTATION_COMMENTS = YES;
				CLANG_WARN_EMPTY_BODY = YES;
				CLANG_WARN_ENUM_CONVERSION = YES;
				CLANG_WARN_INFINITE_RECURSION = YES;
				CLANG_WARN_INT_CONVERSION = YES;
				CLANG_WARN_NON_LITERAL_NULL_CONVERSION = YES;
				CLANG_WARN_OBJC_IMPLICIT_RETAIN_SELF = YES;
				CLANG_WARN_OBJC_LITERAL_CONVERSION = YES;
				CLANG_WARN_OBJC_ROOT_CLASS = YES_ERROR;
				CLANG_WARN_QUOTED_INCLUDE_IN_FRAMEWORK_HEADER = YES;
				CLANG_WARN_RANGE_LOOP_ANALYSIS = YES;
				CLANG_WARN_STRICT_PROTOTYPES = YES;
				CLANG_WARN_SUSPICIOUS_MOVE = YES;
				CLANG_WARN_UNGUARDED_AVAILABILITY = YES_AGGRESSIVE;
				CLANG_WARN_UNREACHABLE_CODE = YES;
				CLANG_WARN__DUPLICATE_METHOD_MATCH = YES;
				COPY_PHASE_STRIP = NO;
				CURRENT_PROJECT_VERSION = 1;
				DEBUG_INFORMATION_FORMAT = "dwarf-with-dsym";
				ENABLE_NS_ASSERTIONS = NO;
				ENABLE_STRICT_OBJC_MSGSEND = YES;
				GCC_C_LANGUAGE_STANDARD = gnu11;
				GCC_NO_COMMON_BLOCKS = YES;
				GCC_WARN_64_TO_32_BIT_CONVERSION = YES;
				GCC_WARN_ABOUT_RETURN_TYPE = YES_ERROR;
				GCC_WARN_UNDECLARED_SELECTOR = YES;
				GCC_WARN_UNINITIALIZED_AUTOS = YES_AGGRESSIVE;
				GCC_WARN_UNUSED_FUNCTION = YES;
				GCC_WARN_UNUSED_VARIABLE = YES;
				MTL_ENABLE_DEBUG_INFO = NO;
				MTL_FAST_MATH = YES;
				ONLY_ACTIVE_ARCH = YES;
				SDKROOT = iphoneos;
				SWIFT_COMPILATION_MODE = wholemodule;
				SWIFT_INCLUDE_PATHS = "\"$(SRCROOT)/../build/libs/$(ARCHS)-apple-$(SHALLOW_BUNDLE_TRIPLE)/bc-bip39/include/bc-bip39\"";
				SWIFT_OPTIMIZATION_LEVEL = "-O";
				VALIDATE_PRODUCT = YES;
				VERSIONING_SYSTEM = "apple-generic";
				VERSION_INFO_PREFIX = "";
			};
			name = Release;
		};
		0374752A2581167C00211084 /* Debug */ = {
			isa = XCBuildConfiguration;
			buildSettings = {
				BUILD_LIBRARY_FOR_DISTRIBUTION = YES;
				CLANG_ENABLE_MODULES = YES;
				CURRENT_PROJECT_VERSION = 1;
				DEFINES_MODULE = YES;
				DYLIB_COMPATIBILITY_VERSION = 1;
				DYLIB_CURRENT_VERSION = 1;
				DYLIB_INSTALL_NAME_BASE = "@rpath";
				ENABLE_MODULE_VERIFIER = YES;
				GENERATE_INFOPLIST_FILE = YES;
				HEADER_SEARCH_PATHS = (
					"\"$(SRCROOT)/../build/libs/$(ARCHS)-apple-$(SHALLOW_BUNDLE_TRIPLE)/bc-crypto-base/include/bc-crypto-base\"",
					"\"$(SRCROOT)/../build/libs/$(ARCHS)-apple-$(SHALLOW_BUNDLE_TRIPLE)/bc-bip39/include/bc-bip39\"",
				);
				INSTALL_PATH = "$(LOCAL_LIBRARY_DIR)/Frameworks";
				LIBRARY_SEARCH_PATHS = (
					"\"$(SRCROOT)/../build/libs/$(ARCHS)-apple-$(SHALLOW_BUNDLE_TRIPLE)/bc-crypto-base/lib\"",
					"\"$(SRCROOT)/../build/libs/$(ARCHS)-apple-$(SHALLOW_BUNDLE_TRIPLE)/bc-bip39/lib\"",
				);
				MARKETING_VERSION = 1.0;
				MODULE_VERIFIER_SUPPORTED_LANGUAGES = "objective-c objective-c++";
				MODULE_VERIFIER_SUPPORTED_LANGUAGE_STANDARDS = "gnu11 gnu++20";
				OTHER_LDFLAGS = (
					"-lbc-crypto-base",
					"-lbc-bip39",
				);
				PRODUCT_BUNDLE_IDENTIFIER = blockchaincommons.BIP39;
				PRODUCT_NAME = "$(TARGET_NAME:c99extidentifier)";
				SWIFT_INCLUDE_PATHS = "\"$(SRCROOT)/../build/libs/$(ARCHS)-apple-$(SHALLOW_BUNDLE_TRIPLE)/bc-bip39/include/bc-bip39\"";
				SWIFT_OPTIMIZATION_LEVEL = "-Onone";
				SWIFT_VERSION = 5.0;
				TARGETED_DEVICE_FAMILY = "1,2,6";
			};
			name = Debug;
		};
		0374752B2581167C00211084 /* Release */ = {
			isa = XCBuildConfiguration;
			buildSettings = {
				BUILD_LIBRARY_FOR_DISTRIBUTION = YES;
				CLANG_ENABLE_MODULES = YES;
				CURRENT_PROJECT_VERSION = 1;
				DEFINES_MODULE = YES;
				DYLIB_COMPATIBILITY_VERSION = 1;
				DYLIB_CURRENT_VERSION = 1;
				DYLIB_INSTALL_NAME_BASE = "@rpath";
				ENABLE_MODULE_VERIFIER = YES;
				GENERATE_INFOPLIST_FILE = YES;
				HEADER_SEARCH_PATHS = (
					"\"$(SRCROOT)/../build/libs/$(ARCHS)-apple-$(SHALLOW_BUNDLE_TRIPLE)/bc-crypto-base/include/bc-crypto-base\"",
					"\"$(SRCROOT)/../build/libs/$(ARCHS)-apple-$(SHALLOW_BUNDLE_TRIPLE)/bc-bip39/include/bc-bip39\"",
				);
				INSTALL_PATH = "$(LOCAL_LIBRARY_DIR)/Frameworks";
				LIBRARY_SEARCH_PATHS = (
					"\"$(SRCROOT)/../build/libs/$(ARCHS)-apple-$(SHALLOW_BUNDLE_TRIPLE)/bc-crypto-base/lib\"",
					"\"$(SRCROOT)/../build/libs/$(ARCHS)-apple-$(SHALLOW_BUNDLE_TRIPLE)/bc-bip39/lib\"",
				);
				MARKETING_VERSION = 1.0;
				MODULE_VERIFIER_SUPPORTED_LANGUAGES = "objective-c objective-c++";
				MODULE_VERIFIER_SUPPORTED_LANGUAGE_STANDARDS = "gnu11 gnu++20";
				OTHER_LDFLAGS = (
					"-lbc-crypto-base",
					"-lbc-bip39",
				);
				PRODUCT_BUNDLE_IDENTIFIER = blockchaincommons.BIP39;
				PRODUCT_NAME = "$(TARGET_NAME:c99extidentifier)";
				SWIFT_INCLUDE_PATHS = "\"$(SRCROOT)/../build/libs/$(ARCHS)-apple-$(SHALLOW_BUNDLE_TRIPLE)/bc-bip39/include/bc-bip39\"";
				SWIFT_VERSION = 5.0;
				TARGETED_DEVICE_FAMILY = "1,2,6";
			};
			name = Release;
		};
		0374752D2581167C00211084 /* Debug */ = {
			isa = XCBuildConfiguration;
			buildSettings = {
				ALWAYS_EMBED_SWIFT_STANDARD_LIBRARIES = YES;
				CODE_SIGN_STYLE = Automatic;
				DEVELOPMENT_TEAM = YZHG975W3A;
				GENERATE_INFOPLIST_FILE = YES;
				LD_RUNPATH_SEARCH_PATHS = (
					"$(inherited)",
					"@executable_path/Frameworks",
					"@loader_path/Frameworks",
				);
				MACOSX_DEPLOYMENT_TARGET = 11.0;
				PRODUCT_BUNDLE_IDENTIFIER = blockchaincommons.BIP39Tests;
				PRODUCT_NAME = "$(TARGET_NAME)";
				SWIFT_VERSION = 5.0;
				TARGETED_DEVICE_FAMILY = "1,2";
			};
			name = Debug;
		};
		0374752E2581167C00211084 /* Release */ = {
			isa = XCBuildConfiguration;
			buildSettings = {
				ALWAYS_EMBED_SWIFT_STANDARD_LIBRARIES = YES;
				CODE_SIGN_STYLE = Automatic;
				DEVELOPMENT_TEAM = YZHG975W3A;
				GENERATE_INFOPLIST_FILE = YES;
				LD_RUNPATH_SEARCH_PATHS = (
					"$(inherited)",
					"@executable_path/Frameworks",
					"@loader_path/Frameworks",
				);
				MACOSX_DEPLOYMENT_TARGET = 11.0;
				PRODUCT_BUNDLE_IDENTIFIER = blockchaincommons.BIP39Tests;
				PRODUCT_NAME = "$(TARGET_NAME)";
				SWIFT_VERSION = 5.0;
				TARGETED_DEVICE_FAMILY = "1,2";
			};
			name = Release;
		};
		794CF43F29F36D3A0022BA51 /* Debug */ = {
			isa = XCBuildConfiguration;
			buildSettings = {
				BUILD_LIBRARY_FOR_DISTRIBUTION = YES;
				CLANG_CXX_LANGUAGE_STANDARD = "gnu++20";
				COMBINE_HIDPI_IMAGES = YES;
				CURRENT_PROJECT_VERSION = 1;
				DEAD_CODE_STRIPPING = YES;
				DEFINES_MODULE = YES;
				DYLIB_COMPATIBILITY_VERSION = 1;
				DYLIB_CURRENT_VERSION = 1;
				DYLIB_INSTALL_NAME_BASE = "@rpath";
				ENABLE_MODULE_VERIFIER = YES;
				GENERATE_INFOPLIST_FILE = YES;
				HEADER_SEARCH_PATHS = (
					"\"$(SRCROOT)/../build/libs/$(ARCHS)-apple-$(SHALLOW_BUNDLE_TRIPLE)/bc-crypto-base/include/bc-crypto-base\"",
					"\"$(SRCROOT)/../build/libs/$(ARCHS)-apple-$(SHALLOW_BUNDLE_TRIPLE)/bc-bip39/include/bc-bip39\"",
				);
				INFOPLIST_KEY_NSHumanReadableCopyright = "";
				INSTALL_PATH = "$(LOCAL_LIBRARY_DIR)/Frameworks";
				LIBRARY_SEARCH_PATHS = (
					"\"$(SRCROOT)/../build/libs/$(ARCHS)-apple-$(SHALLOW_BUNDLE_TRIPLE)/bc-crypto-base/lib\"",
					"\"$(SRCROOT)/../build/libs/$(ARCHS)-apple-$(SHALLOW_BUNDLE_TRIPLE)/bc-bip39/lib\"",
				);
				MARKETING_VERSION = 1.0;
				MODULE_VERIFIER_SUPPORTED_LANGUAGES = "objective-c objective-c++";
				MODULE_VERIFIER_SUPPORTED_LANGUAGE_STANDARDS = "gnu11 gnu++20";
				OTHER_LDFLAGS = (
					"-lbc-crypto-base",
					"-lbc-bip39",
				);
				PRODUCT_BUNDLE_IDENTIFIER = blockchaincommons.BIP39Mac;
				PRODUCT_NAME = BIP39;
				SDKROOT = macosx;
				SWIFT_EMIT_LOC_STRINGS = YES;
				SWIFT_INCLUDE_PATHS = "\"$(SRCROOT)/../build/libs/$(ARCHS)-apple-$(SHALLOW_BUNDLE_TRIPLE)/bc-bip39/include/bc-bip39\"";
				SWIFT_VERSION = 5.0;
			};
			name = Debug;
		};
		794CF44029F36D3A0022BA51 /* Release */ = {
			isa = XCBuildConfiguration;
			buildSettings = {
				BUILD_LIBRARY_FOR_DISTRIBUTION = YES;
				CLANG_CXX_LANGUAGE_STANDARD = "gnu++20";
				COMBINE_HIDPI_IMAGES = YES;
				CURRENT_PROJECT_VERSION = 1;
				DEAD_CODE_STRIPPING = YES;
				DEFINES_MODULE = YES;
				DYLIB_COMPATIBILITY_VERSION = 1;
				DYLIB_CURRENT_VERSION = 1;
				DYLIB_INSTALL_NAME_BASE = "@rpath";
				ENABLE_MODULE_VERIFIER = YES;
				GENERATE_INFOPLIST_FILE = YES;
				HEADER_SEARCH_PATHS = (
					"\"$(SRCROOT)/../build/libs/$(ARCHS)-apple-$(SHALLOW_BUNDLE_TRIPLE)/bc-crypto-base/include/bc-crypto-base\"",
					"\"$(SRCROOT)/../build/libs/$(ARCHS)-apple-$(SHALLOW_BUNDLE_TRIPLE)/bc-bip39/include/bc-bip39\"",
				);
				INFOPLIST_KEY_NSHumanReadableCopyright = "";
				INSTALL_PATH = "$(LOCAL_LIBRARY_DIR)/Frameworks";
				LIBRARY_SEARCH_PATHS = (
					"\"$(SRCROOT)/../build/libs/$(ARCHS)-apple-$(SHALLOW_BUNDLE_TRIPLE)/bc-crypto-base/lib\"",
					"\"$(SRCROOT)/../build/libs/$(ARCHS)-apple-$(SHALLOW_BUNDLE_TRIPLE)/bc-bip39/lib\"",
				);
				MARKETING_VERSION = 1.0;
				MODULE_VERIFIER_SUPPORTED_LANGUAGES = "objective-c objective-c++";
				MODULE_VERIFIER_SUPPORTED_LANGUAGE_STANDARDS = "gnu11 gnu++20";
				OTHER_LDFLAGS = (
					"-lbc-crypto-base",
					"-lbc-bip39",
				);
				PRODUCT_BUNDLE_IDENTIFIER = blockchaincommons.BIP39Mac;
				PRODUCT_NAME = BIP39;
				SDKROOT = macosx;
				SWIFT_EMIT_LOC_STRINGS = YES;
				SWIFT_INCLUDE_PATHS = "\"$(SRCROOT)/../build/libs/$(ARCHS)-apple-$(SHALLOW_BUNDLE_TRIPLE)/bc-bip39/include/bc-bip39\"";
				SWIFT_VERSION = 5.0;
			};
			name = Release;
		};
		794CF44129F36D3A0022BA51 /* Debug */ = {
			isa = XCBuildConfiguration;
			buildSettings = {
				ALWAYS_EMBED_SWIFT_STANDARD_LIBRARIES = YES;
				CLANG_CXX_LANGUAGE_STANDARD = "gnu++20";
				CODE_SIGN_STYLE = Automatic;
				CURRENT_PROJECT_VERSION = 1;
				DEAD_CODE_STRIPPING = YES;
				DEVELOPMENT_TEAM = YZHG975W3A;
				GENERATE_INFOPLIST_FILE = YES;
				MACOSX_DEPLOYMENT_TARGET = 13.3;
				MARKETING_VERSION = 1.0;
				PRODUCT_BUNDLE_IDENTIFIER = blockchaincommons.BIP39MacTests;
				PRODUCT_NAME = "$(TARGET_NAME)";
				SDKROOT = macosx;
				SWIFT_EMIT_LOC_STRINGS = NO;
				SWIFT_VERSION = 5.0;
			};
			name = Debug;
		};
		794CF44229F36D3A0022BA51 /* Release */ = {
			isa = XCBuildConfiguration;
			buildSettings = {
				ALWAYS_EMBED_SWIFT_STANDARD_LIBRARIES = YES;
				CLANG_CXX_LANGUAGE_STANDARD = "gnu++20";
				CODE_SIGN_STYLE = Automatic;
				CURRENT_PROJECT_VERSION = 1;
				DEAD_CODE_STRIPPING = YES;
				DEVELOPMENT_TEAM = YZHG975W3A;
				GENERATE_INFOPLIST_FILE = YES;
				MACOSX_DEPLOYMENT_TARGET = 13.3;
				MARKETING_VERSION = 1.0;
				PRODUCT_BUNDLE_IDENTIFIER = blockchaincommons.BIP39MacTests;
				PRODUCT_NAME = "$(TARGET_NAME)";
				SDKROOT = macosx;
				SWIFT_EMIT_LOC_STRINGS = NO;
				SWIFT_VERSION = 5.0;
			};
			name = Release;
		};
/* End XCBuildConfiguration section */

/* Begin XCConfigurationList section */
		0374750F2581167C00211084 /* Build configuration list for PBXProject "BIP39" */ = {
			isa = XCConfigurationList;
			buildConfigurations = (
				037475272581167C00211084 /* Debug */,
				037475282581167C00211084 /* Release */,
			);
			defaultConfigurationIsVisible = 0;
			defaultConfigurationName = Release;
		};
		037475292581167C00211084 /* Build configuration list for PBXNativeTarget "BIP39" */ = {
			isa = XCConfigurationList;
			buildConfigurations = (
				0374752A2581167C00211084 /* Debug */,
				0374752B2581167C00211084 /* Release */,
			);
			defaultConfigurationIsVisible = 0;
			defaultConfigurationName = Release;
		};
		0374752C2581167C00211084 /* Build configuration list for PBXNativeTarget "BIP39Tests" */ = {
			isa = XCConfigurationList;
			buildConfigurations = (
				0374752D2581167C00211084 /* Debug */,
				0374752E2581167C00211084 /* Release */,
			);
			defaultConfigurationIsVisible = 0;
			defaultConfigurationName = Release;
		};
		794CF44329F36D3A0022BA51 /* Build configuration list for PBXNativeTarget "BIP39Mac" */ = {
			isa = XCConfigurationList;
			buildConfigurations = (
				794CF43F29F36D3A0022BA51 /* Debug */,
				794CF44029F36D3A0022BA51 /* Release */,
			);
			defaultConfigurationIsVisible = 0;
			defaultConfigurationName = Release;
		};
		794CF44429F36D3A0022BA51 /* Build configuration list for PBXNativeTarget "BIP39MacTests" */ = {
			isa = XCConfigurationList;
			buildConfigurations = (
				794CF44129F36D3A0022BA51 /* Debug */,
				794CF44229F36D3A0022BA51 /* Release */,
			);
			defaultConfigurationIsVisible = 0;
			defaultConfigurationName = Release;
		};
/* End XCConfigurationList section */
	};
	rootObject = 0374750C2581167C00211084 /* Project object */;
}
