// !$*UTF8*$!
{
	archiveVersion = 1;
	classes = {
	};
	objectVersion = 56;
	objects = {

/* Begin PBXBuildFile section */
		794CF4AA29F3C6020022BA51 /* BCLibsSwiftTestApp.swift in Sources */ = {isa = PBXBuildFile; fileRef = 794CF4A929F3C6020022BA51 /* BCLibsSwiftTestApp.swift */; };
		794CF4AC29F3C6020022BA51 /* ContentView.swift in Sources */ = {isa = PBXBuildFile; fileRef = 794CF4AB29F3C6020022BA51 /* ContentView.swift */; };
		794CF4AE29F3C6040022BA51 /* Assets.xcassets in Resources */ = {isa = PBXBuildFile; fileRef = 794CF4AD29F3C6040022BA51 /* Assets.xcassets */; };
		794CF4B129F3C6040022BA51 /* Preview Assets.xcassets in Resources */ = {isa = PBXBuildFile; fileRef = 794CF4B029F3C6040022BA51 /* Preview Assets.xcassets */; };
		794CF4BC29F3C6350022BA51 /* BIP39.xcframework in Frameworks */ = {isa = PBXBuildFile; fileRef = 794CF4B829F3C6350022BA51 /* BIP39.xcframework */; };
		794CF4BD29F3C6350022BA51 /* CryptoBase.xcframework in Frameworks */ = {isa = PBXBuildFile; fileRef = 794CF4B929F3C6350022BA51 /* CryptoBase.xcframework */; };
		794CF4BE29F3C6350022BA51 /* SSKR.xcframework in Frameworks */ = {isa = PBXBuildFile; fileRef = 794CF4BA29F3C6350022BA51 /* SSKR.xcframework */; };
		794CF4BF29F3C6350022BA51 /* Shamir.xcframework in Frameworks */ = {isa = PBXBuildFile; fileRef = 794CF4BB29F3C6350022BA51 /* Shamir.xcframework */; };
		794CF4C829F3C98F0022BA51 /* BCLibsSwiftTestMacApp.swift in Sources */ = {isa = PBXBuildFile; fileRef = 794CF4C729F3C98F0022BA51 /* BCLibsSwiftTestMacApp.swift */; };
		794CF4CC29F3C9910022BA51 /* Assets.xcassets in Resources */ = {isa = PBXBuildFile; fileRef = 794CF4CB29F3C9910022BA51 /* Assets.xcassets */; };
		794CF4CF29F3C9910022BA51 /* Preview Assets.xcassets in Resources */ = {isa = PBXBuildFile; fileRef = 794CF4CE29F3C9910022BA51 /* Preview Assets.xcassets */; };
		794CF4D829F3C9A30022BA51 /* ContentView.swift in Sources */ = {isa = PBXBuildFile; fileRef = 794CF4AB29F3C6020022BA51 /* ContentView.swift */; };
		794CF4D929F3CA0C0022BA51 /* BIP39.xcframework in Frameworks */ = {isa = PBXBuildFile; fileRef = 794CF4B829F3C6350022BA51 /* BIP39.xcframework */; };
		794CF4DA29F3CA0C0022BA51 /* BIP39.xcframework in Embed Frameworks */ = {isa = PBXBuildFile; fileRef = 794CF4B829F3C6350022BA51 /* BIP39.xcframework */; settings = {ATTRIBUTES = (CodeSignOnCopy, RemoveHeadersOnCopy, ); }; };
		794CF4DC29F3CA0E0022BA51 /* CryptoBase.xcframework in Frameworks */ = {isa = PBXBuildFile; fileRef = 794CF4B929F3C6350022BA51 /* CryptoBase.xcframework */; };
		794CF4DD29F3CA0E0022BA51 /* CryptoBase.xcframework in Embed Frameworks */ = {isa = PBXBuildFile; fileRef = 794CF4B929F3C6350022BA51 /* CryptoBase.xcframework */; settings = {ATTRIBUTES = (CodeSignOnCopy, RemoveHeadersOnCopy, ); }; };
		794CF4DE29F3CA0F0022BA51 /* Shamir.xcframework in Frameworks */ = {isa = PBXBuildFile; fileRef = 794CF4BB29F3C6350022BA51 /* Shamir.xcframework */; };
		794CF4DF29F3CA0F0022BA51 /* Shamir.xcframework in Embed Frameworks */ = {isa = PBXBuildFile; fileRef = 794CF4BB29F3C6350022BA51 /* Shamir.xcframework */; settings = {ATTRIBUTES = (CodeSignOnCopy, RemoveHeadersOnCopy, ); }; };
		794CF4E029F3CA100022BA51 /* SSKR.xcframework in Frameworks */ = {isa = PBXBuildFile; fileRef = 794CF4BA29F3C6350022BA51 /* SSKR.xcframework */; };
		794CF4E129F3CA110022BA51 /* SSKR.xcframework in Embed Frameworks */ = {isa = PBXBuildFile; fileRef = 794CF4BA29F3C6350022BA51 /* SSKR.xcframework */; settings = {ATTRIBUTES = (CodeSignOnCopy, RemoveHeadersOnCopy, ); }; };
/* End PBXBuildFile section */

/* Begin PBXCopyFilesBuildPhase section */
		794CF4DB29F3CA0C0022BA51 /* Embed Frameworks */ = {
			isa = PBXCopyFilesBuildPhase;
			buildActionMask = 2147483647;
			dstPath = "";
			dstSubfolderSpec = 10;
			files = (
				794CF4DA29F3CA0C0022BA51 /* BIP39.xcframework in Embed Frameworks */,
				794CF4DD29F3CA0E0022BA51 /* CryptoBase.xcframework in Embed Frameworks */,
				794CF4E129F3CA110022BA51 /* SSKR.xcframework in Embed Frameworks */,
				794CF4DF29F3CA0F0022BA51 /* Shamir.xcframework in Embed Frameworks */,
			);
			name = "Embed Frameworks";
			runOnlyForDeploymentPostprocessing = 0;
		};
/* End PBXCopyFilesBuildPhase section */

/* Begin PBXFileReference section */
		794CF4A629F3C6020022BA51 /* BCLibsSwiftTest.app */ = {isa = PBXFileReference; explicitFileType = wrapper.application; includeInIndex = 0; path = BCLibsSwiftTest.app; sourceTree = BUILT_PRODUCTS_DIR; };
		794CF4A929F3C6020022BA51 /* BCLibsSwiftTestApp.swift */ = {isa = PBXFileReference; lastKnownFileType = sourcecode.swift; path = BCLibsSwiftTestApp.swift; sourceTree = "<group>"; };
		794CF4AB29F3C6020022BA51 /* ContentView.swift */ = {isa = PBXFileReference; lastKnownFileType = sourcecode.swift; path = ContentView.swift; sourceTree = "<group>"; };
		794CF4AD29F3C6040022BA51 /* Assets.xcassets */ = {isa = PBXFileReference; lastKnownFileType = folder.assetcatalog; path = Assets.xcassets; sourceTree = "<group>"; };
		794CF4B029F3C6040022BA51 /* Preview Assets.xcassets */ = {isa = PBXFileReference; lastKnownFileType = folder.assetcatalog; path = "Preview Assets.xcassets"; sourceTree = "<group>"; };
		794CF4B829F3C6350022BA51 /* BIP39.xcframework */ = {isa = PBXFileReference; lastKnownFileType = wrapper.xcframework; name = BIP39.xcframework; path = ../build/BIP39.xcframework; sourceTree = "<group>"; };
		794CF4B929F3C6350022BA51 /* CryptoBase.xcframework */ = {isa = PBXFileReference; lastKnownFileType = wrapper.xcframework; name = CryptoBase.xcframework; path = ../build/CryptoBase.xcframework; sourceTree = "<group>"; };
		794CF4BA29F3C6350022BA51 /* SSKR.xcframework */ = {isa = PBXFileReference; lastKnownFileType = wrapper.xcframework; name = SSKR.xcframework; path = ../build/SSKR.xcframework; sourceTree = "<group>"; };
		794CF4BB29F3C6350022BA51 /* Shamir.xcframework */ = {isa = PBXFileReference; lastKnownFileType = wrapper.xcframework; name = Shamir.xcframework; path = ../build/Shamir.xcframework; sourceTree = "<group>"; };
		794CF4C029F3C8E00022BA51 /* BCLibsSwiftTest.entitlements */ = {isa = PBXFileReference; lastKnownFileType = text.plist.entitlements; path = BCLibsSwiftTest.entitlements; sourceTree = "<group>"; };
		794CF4C529F3C98F0022BA51 /* BCLibsSwiftTestMac.app */ = {isa = PBXFileReference; explicitFileType = wrapper.application; includeInIndex = 0; path = BCLibsSwiftTestMac.app; sourceTree = BUILT_PRODUCTS_DIR; };
		794CF4C729F3C98F0022BA51 /* BCLibsSwiftTestMacApp.swift */ = {isa = PBXFileReference; lastKnownFileType = sourcecode.swift; path = BCLibsSwiftTestMacApp.swift; sourceTree = "<group>"; };
		794CF4CB29F3C9910022BA51 /* Assets.xcassets */ = {isa = PBXFileReference; lastKnownFileType = folder.assetcatalog; path = Assets.xcassets; sourceTree = "<group>"; };
		794CF4CE29F3C9910022BA51 /* Preview Assets.xcassets */ = {isa = PBXFileReference; lastKnownFileType = folder.assetcatalog; path = "Preview Assets.xcassets"; sourceTree = "<group>"; };
		794CF4D029F3C9910022BA51 /* BCLibsSwiftTestMac.entitlements */ = {isa = PBXFileReference; lastKnownFileType = text.plist.entitlements; path = BCLibsSwiftTestMac.entitlements; sourceTree = "<group>"; };
/* End PBXFileReference section */

/* Begin PBXFrameworksBuildPhase section */
		794CF4A329F3C6020022BA51 /* Frameworks */ = {
			isa = PBXFrameworksBuildPhase;
			buildActionMask = 2147483647;
			files = (
				794CF4BC29F3C6350022BA51 /* BIP39.xcframework in Frameworks */,
				794CF4BF29F3C6350022BA51 /* Shamir.xcframework in Frameworks */,
				794CF4BE29F3C6350022BA51 /* SSKR.xcframework in Frameworks */,
				794CF4BD29F3C6350022BA51 /* CryptoBase.xcframework in Frameworks */,
			);
			runOnlyForDeploymentPostprocessing = 0;
		};
		794CF4C229F3C98F0022BA51 /* Frameworks */ = {
			isa = PBXFrameworksBuildPhase;
			buildActionMask = 2147483647;
			files = (
				794CF4DC29F3CA0E0022BA51 /* CryptoBase.xcframework in Frameworks */,
				794CF4DE29F3CA0F0022BA51 /* Shamir.xcframework in Frameworks */,
				794CF4E029F3CA100022BA51 /* SSKR.xcframework in Frameworks */,
				794CF4D929F3CA0C0022BA51 /* BIP39.xcframework in Frameworks */,
			);
			runOnlyForDeploymentPostprocessing = 0;
		};
/* End PBXFrameworksBuildPhase section */

/* Begin PBXGroup section */
		794CF49D29F3C6020022BA51 = {
			isa = PBXGroup;
			children = (
				794CF4AB29F3C6020022BA51 /* ContentView.swift */,
				794CF4A829F3C6020022BA51 /* BCLibsSwiftTest */,
				794CF4C629F3C98F0022BA51 /* BCLibsSwiftTestMac */,
				794CF4B729F3C6180022BA51 /* Frameworks */,
				794CF4A729F3C6020022BA51 /* Products */,
			);
			sourceTree = "<group>";
		};
		794CF4A729F3C6020022BA51 /* Products */ = {
			isa = PBXGroup;
			children = (
				794CF4A629F3C6020022BA51 /* BCLibsSwiftTest.app */,
				794CF4C529F3C98F0022BA51 /* BCLibsSwiftTestMac.app */,
			);
			name = Products;
			sourceTree = "<group>";
		};
		794CF4A829F3C6020022BA51 /* BCLibsSwiftTest */ = {
			isa = PBXGroup;
			children = (
				794CF4C029F3C8E00022BA51 /* BCLibsSwiftTest.entitlements */,
				794CF4A929F3C6020022BA51 /* BCLibsSwiftTestApp.swift */,
				794CF4AD29F3C6040022BA51 /* Assets.xcassets */,
				794CF4AF29F3C6040022BA51 /* Preview Content */,
			);
			path = BCLibsSwiftTest;
			sourceTree = "<group>";
		};
		794CF4AF29F3C6040022BA51 /* Preview Content */ = {
			isa = PBXGroup;
			children = (
				794CF4B029F3C6040022BA51 /* Preview Assets.xcassets */,
			);
			path = "Preview Content";
			sourceTree = "<group>";
		};
		794CF4B729F3C6180022BA51 /* Frameworks */ = {
			isa = PBXGroup;
			children = (
				794CF4B829F3C6350022BA51 /* BIP39.xcframework */,
				794CF4B929F3C6350022BA51 /* CryptoBase.xcframework */,
				794CF4BB29F3C6350022BA51 /* Shamir.xcframework */,
				794CF4BA29F3C6350022BA51 /* SSKR.xcframework */,
			);
			name = Frameworks;
			sourceTree = "<group>";
		};
		794CF4C629F3C98F0022BA51 /* BCLibsSwiftTestMac */ = {
			isa = PBXGroup;
			children = (
				794CF4C729F3C98F0022BA51 /* BCLibsSwiftTestMacApp.swift */,
				794CF4CB29F3C9910022BA51 /* Assets.xcassets */,
				794CF4D029F3C9910022BA51 /* BCLibsSwiftTestMac.entitlements */,
				794CF4CD29F3C9910022BA51 /* Preview Content */,
			);
			path = BCLibsSwiftTestMac;
			sourceTree = "<group>";
		};
		794CF4CD29F3C9910022BA51 /* Preview Content */ = {
			isa = PBXGroup;
			children = (
				794CF4CE29F3C9910022BA51 /* Preview Assets.xcassets */,
			);
			path = "Preview Content";
			sourceTree = "<group>";
		};
/* End PBXGroup section */

/* Begin PBXNativeTarget section */
		794CF4A529F3C6020022BA51 /* BCLibsSwiftTest */ = {
			isa = PBXNativeTarget;
			buildConfigurationList = 794CF4B429F3C6040022BA51 /* Build configuration list for PBXNativeTarget "BCLibsSwiftTest" */;
			buildPhases = (
				794CF4A229F3C6020022BA51 /* Sources */,
				794CF4A329F3C6020022BA51 /* Frameworks */,
				794CF4A429F3C6020022BA51 /* Resources */,
			);
			buildRules = (
			);
			dependencies = (
			);
			name = BCLibsSwiftTest;
			productName = BCLibsSwiftTest;
			productReference = 794CF4A629F3C6020022BA51 /* BCLibsSwiftTest.app */;
			productType = "com.apple.product-type.application";
		};
		794CF4C429F3C98F0022BA51 /* BCLibsSwiftTestMac */ = {
			isa = PBXNativeTarget;
			buildConfigurationList = 794CF4D129F3C9910022BA51 /* Build configuration list for PBXNativeTarget "BCLibsSwiftTestMac" */;
			buildPhases = (
				794CF4C129F3C98F0022BA51 /* Sources */,
				794CF4C229F3C98F0022BA51 /* Frameworks */,
				794CF4C329F3C98F0022BA51 /* Resources */,
				794CF4DB29F3CA0C0022BA51 /* Embed Frameworks */,
			);
			buildRules = (
			);
			dependencies = (
			);
			name = BCLibsSwiftTestMac;
			productName = BCLibsSwiftTestMac;
			productReference = 794CF4C529F3C98F0022BA51 /* BCLibsSwiftTestMac.app */;
			productType = "com.apple.product-type.application";
		};
/* End PBXNativeTarget section */

/* Begin PBXProject section */
		794CF49E29F3C6020022BA51 /* Project object */ = {
			isa = PBXProject;
			attributes = {
				BuildIndependentTargetsInParallel = 1;
				LastSwiftUpdateCheck = 1430;
				LastUpgradeCheck = 1430;
				TargetAttributes = {
					794CF4A529F3C6020022BA51 = {
						CreatedOnToolsVersion = 14.3;
					};
					794CF4C429F3C98F0022BA51 = {
						CreatedOnToolsVersion = 14.3;
					};
				};
			};
			buildConfigurationList = 794CF4A129F3C6020022BA51 /* Build configuration list for PBXProject "BCLibsSwiftTest" */;
			compatibilityVersion = "Xcode 14.0";
			developmentRegion = en;
			hasScannedForEncodings = 0;
			knownRegions = (
				en,
				Base,
			);
			mainGroup = 794CF49D29F3C6020022BA51;
			productRefGroup = 794CF4A729F3C6020022BA51 /* Products */;
			projectDirPath = "";
			projectRoot = "";
			targets = (
				794CF4A529F3C6020022BA51 /* BCLibsSwiftTest */,
				794CF4C429F3C98F0022BA51 /* BCLibsSwiftTestMac */,
			);
		};
/* End PBXProject section */

/* Begin PBXResourcesBuildPhase section */
		794CF4A429F3C6020022BA51 /* Resources */ = {
			isa = PBXResourcesBuildPhase;
			buildActionMask = 2147483647;
			files = (
				794CF4B129F3C6040022BA51 /* Preview Assets.xcassets in Resources */,
				794CF4AE29F3C6040022BA51 /* Assets.xcassets in Resources */,
			);
			runOnlyForDeploymentPostprocessing = 0;
		};
		794CF4C329F3C98F0022BA51 /* Resources */ = {
			isa = PBXResourcesBuildPhase;
			buildActionMask = 2147483647;
			files = (
				794CF4CF29F3C9910022BA51 /* Preview Assets.xcassets in Resources */,
				794CF4CC29F3C9910022BA51 /* Assets.xcassets in Resources */,
			);
			runOnlyForDeploymentPostprocessing = 0;
		};
/* End PBXResourcesBuildPhase section */

/* Begin PBXSourcesBuildPhase section */
		794CF4A229F3C6020022BA51 /* Sources */ = {
			isa = PBXSourcesBuildPhase;
			buildActionMask = 2147483647;
			files = (
				794CF4AC29F3C6020022BA51 /* ContentView.swift in Sources */,
				794CF4AA29F3C6020022BA51 /* BCLibsSwiftTestApp.swift in Sources */,
			);
			runOnlyForDeploymentPostprocessing = 0;
		};
		794CF4C129F3C98F0022BA51 /* Sources */ = {
			isa = PBXSourcesBuildPhase;
			buildActionMask = 2147483647;
			files = (
				794CF4C829F3C98F0022BA51 /* BCLibsSwiftTestMacApp.swift in Sources */,
				794CF4D829F3C9A30022BA51 /* ContentView.swift in Sources */,
			);
			runOnlyForDeploymentPostprocessing = 0;
		};
/* End PBXSourcesBuildPhase section */

/* Begin XCBuildConfiguration section */
		794CF4B229F3C6040022BA51 /* Debug */ = {
			isa = XCBuildConfiguration;
			buildSettings = {
				ALWAYS_SEARCH_USER_PATHS = NO;
				CLANG_ANALYZER_NONNULL = YES;
				CLANG_ANALYZER_NUMBER_OBJECT_CONVERSION = YES_AGGRESSIVE;
				CLANG_CXX_LANGUAGE_STANDARD = "gnu++20";
				CLANG_ENABLE_MODULES = YES;
				CLANG_ENABLE_OBJC_ARC = YES;
				CLANG_ENABLE_OBJC_WEAK = YES;
				CLANG_WARN_BLOCK_CAPTURE_AUTORELEASING = YES;
				CLANG_WARN_BOOL_CONVERSION = YES;
				CLANG_WARN_COMMA = YES;
				CLANG_WARN_CONSTANT_CONVERSION = YES;
				CLANG_WARN_DEPRECATED_OBJC_IMPLEMENTATIONS = YES;
				CLANG_WARN_DIRECT_OBJC_ISA_USAGE = YES_ERROR;
				CLANG_WARN_DOCUMENTATION_COMMENTS = YES;
				CLANG_WARN_EMPTY_BODY = YES;
				CLANG_WARN_ENUM_CONVERSION = YES;
				CLANG_WARN_INFINITE_RECURSION = YES;
				CLANG_WARN_INT_CONVERSION = YES;
				CLANG_WARN_NON_LITERAL_NULL_CONVERSION = YES;
				CLANG_WARN_OBJC_IMPLICIT_RETAIN_SELF = YES;
				CLANG_WARN_OBJC_LITERAL_CONVERSION = YES;
				CLANG_WARN_OBJC_ROOT_CLASS = YES_ERROR;
				CLANG_WARN_QUOTED_INCLUDE_IN_FRAMEWORK_HEADER = YES;
				CLANG_WARN_RANGE_LOOP_ANALYSIS = YES;
				CLANG_WARN_STRICT_PROTOTYPES = YES;
				CLANG_WARN_SUSPICIOUS_MOVE = YES;
				CLANG_WARN_UNGUARDED_AVAILABILITY = YES_AGGRESSIVE;
				CLANG_WARN_UNREACHABLE_CODE = YES;
				CLANG_WARN__DUPLICATE_METHOD_MATCH = YES;
				COPY_PHASE_STRIP = NO;
				DEBUG_INFORMATION_FORMAT = dwarf;
				ENABLE_STRICT_OBJC_MSGSEND = YES;
				ENABLE_TESTABILITY = YES;
				GCC_C_LANGUAGE_STANDARD = gnu11;
				GCC_DYNAMIC_NO_PIC = NO;
				GCC_NO_COMMON_BLOCKS = YES;
				GCC_OPTIMIZATION_LEVEL = 0;
				GCC_PREPROCESSOR_DEFINITIONS = (
					"DEBUG=1",
					"$(inherited)",
				);
				GCC_WARN_64_TO_32_BIT_CONVERSION = YES;
				GCC_WARN_ABOUT_RETURN_TYPE = YES_ERROR;
				GCC_WARN_UNDECLARED_SELECTOR = YES;
				GCC_WARN_UNINITIALIZED_AUTOS = YES_AGGRESSIVE;
				GCC_WARN_UNUSED_FUNCTION = YES;
				GCC_WARN_UNUSED_VARIABLE = YES;
				IPHONEOS_DEPLOYMENT_TARGET = 16.4;
				MTL_ENABLE_DEBUG_INFO = INCLUDE_SOURCE;
				MTL_FAST_MATH = YES;
				ONLY_ACTIVE_ARCH = YES;
				SDKROOT = iphoneos;
				SWIFT_ACTIVE_COMPILATION_CONDITIONS = DEBUG;
				SWIFT_OPTIMIZATION_LEVEL = "-Onone";
			};
			name = Debug;
		};
		794CF4B329F3C6040022BA51 /* Release */ = {
			isa = XCBuildConfiguration;
			buildSettings = {
				ALWAYS_SEARCH_USER_PATHS = NO;
				CLANG_ANALYZER_NONNULL = YES;
				CLANG_ANALYZER_NUMBER_OBJECT_CONVERSION = YES_AGGRESSIVE;
				CLANG_CXX_LANGUAGE_STANDARD = "gnu++20";
				CLANG_ENABLE_MODULES = YES;
				CLANG_ENABLE_OBJC_ARC = YES;
				CLANG_ENABLE_OBJC_WEAK = YES;
				CLANG_WARN_BLOCK_CAPTURE_AUTORELEASING = YES;
				CLANG_WARN_BOOL_CONVERSION = YES;
				CLANG_WARN_COMMA = YES;
				CLANG_WARN_CONSTANT_CONVERSION = YES;
				CLANG_WARN_DEPRECATED_OBJC_IMPLEMENTATIONS = YES;
				CLANG_WARN_DIRECT_OBJC_ISA_USAGE = YES_ERROR;
				CLANG_WARN_DOCUMENTATION_COMMENTS = YES;
				CLANG_WARN_EMPTY_BODY = YES;
				CLANG_WARN_ENUM_CONVERSION = YES;
				CLANG_WARN_INFINITE_RECURSION = YES;
				CLANG_WARN_INT_CONVERSION = YES;
				CLANG_WARN_NON_LITERAL_NULL_CONVERSION = YES;
				CLANG_WARN_OBJC_IMPLICIT_RETAIN_SELF = YES;
				CLANG_WARN_OBJC_LITERAL_CONVERSION = YES;
				CLANG_WARN_OBJC_ROOT_CLASS = YES_ERROR;
				CLANG_WARN_QUOTED_INCLUDE_IN_FRAMEWORK_HEADER = YES;
				CLANG_WARN_RANGE_LOOP_ANALYSIS = YES;
				CLANG_WARN_STRICT_PROTOTYPES = YES;
				CLANG_WARN_SUSPICIOUS_MOVE = YES;
				CLANG_WARN_UNGUARDED_AVAILABILITY = YES_AGGRESSIVE;
				CLANG_WARN_UNREACHABLE_CODE = YES;
				CLANG_WARN__DUPLICATE_METHOD_MATCH = YES;
				COPY_PHASE_STRIP = NO;
				DEBUG_INFORMATION_FORMAT = "dwarf-with-dsym";
				ENABLE_NS_ASSERTIONS = NO;
				ENABLE_STRICT_OBJC_MSGSEND = YES;
				GCC_C_LANGUAGE_STANDARD = gnu11;
				GCC_NO_COMMON_BLOCKS = YES;
				GCC_WARN_64_TO_32_BIT_CONVERSION = YES;
				GCC_WARN_ABOUT_RETURN_TYPE = YES_ERROR;
				GCC_WARN_UNDECLARED_SELECTOR = YES;
				GCC_WARN_UNINITIALIZED_AUTOS = YES_AGGRESSIVE;
				GCC_WARN_UNUSED_FUNCTION = YES;
				GCC_WARN_UNUSED_VARIABLE = YES;
				IPHONEOS_DEPLOYMENT_TARGET = 16.4;
				MTL_ENABLE_DEBUG_INFO = NO;
				MTL_FAST_MATH = YES;
				SDKROOT = iphoneos;
				SWIFT_COMPILATION_MODE = wholemodule;
				SWIFT_OPTIMIZATION_LEVEL = "-O";
				VALIDATE_PRODUCT = YES;
			};
			name = Release;
		};
		794CF4B529F3C6040022BA51 /* Debug */ = {
			isa = XCBuildConfiguration;
			buildSettings = {
				ASSETCATALOG_COMPILER_APPICON_NAME = AppIcon;
				ASSETCATALOG_COMPILER_GLOBAL_ACCENT_COLOR_NAME = AccentColor;
				CODE_SIGN_ENTITLEMENTS = BCLibsSwiftTest/BCLibsSwiftTest.entitlements;
				CODE_SIGN_STYLE = Automatic;
				CURRENT_PROJECT_VERSION = 1;
				DEVELOPMENT_ASSET_PATHS = "\"BCLibsSwiftTest/Preview Content\"";
				DEVELOPMENT_TEAM = YZHG975W3A;
				ENABLE_PREVIEWS = YES;
				GENERATE_INFOPLIST_FILE = YES;
				INFOPLIST_KEY_UIApplicationSceneManifest_Generation = YES;
				INFOPLIST_KEY_UIApplicationSupportsIndirectInputEvents = YES;
				INFOPLIST_KEY_UILaunchScreen_Generation = YES;
				INFOPLIST_KEY_UISupportedInterfaceOrientations_iPad = "UIInterfaceOrientationPortrait UIInterfaceOrientationPortraitUpsideDown UIInterfaceOrientationLandscapeLeft UIInterfaceOrientationLandscapeRight";
				INFOPLIST_KEY_UISupportedInterfaceOrientations_iPhone = "UIInterfaceOrientationPortrait UIInterfaceOrientationLandscapeLeft UIInterfaceOrientationLandscapeRight";
				LD_RUNPATH_SEARCH_PATHS = (
					"$(inherited)",
					"@executable_path/Frameworks",
				);
				MARKETING_VERSION = 1.0;
				PRODUCT_BUNDLE_IDENTIFIER = blockchaincommons.BCLibsSwiftTest;
				PRODUCT_NAME = "$(TARGET_NAME)";
				SUPPORTED_PLATFORMS = "iphoneos iphonesimulator";
				SUPPORTS_MACCATALYST = YES;
				SUPPORTS_MAC_DESIGNED_FOR_IPHONE_IPAD = YES;
				SWIFT_EMIT_LOC_STRINGS = YES;
				SWIFT_VERSION = 5.0;
				TARGETED_DEVICE_FAMILY = "1,2";
			};
			name = Debug;
		};
		794CF4B629F3C6040022BA51 /* Release */ = {
			isa = XCBuildConfiguration;
			buildSettings = {
				ASSETCATALOG_COMPILER_APPICON_NAME = AppIcon;
				ASSETCATALOG_COMPILER_GLOBAL_ACCENT_COLOR_NAME = AccentColor;
				CODE_SIGN_ENTITLEMENTS = BCLibsSwiftTest/BCLibsSwiftTest.entitlements;
				CODE_SIGN_STYLE = Automatic;
				CURRENT_PROJECT_VERSION = 1;
				DEVELOPMENT_ASSET_PATHS = "\"BCLibsSwiftTest/Preview Content\"";
				DEVELOPMENT_TEAM = YZHG975W3A;
				ENABLE_PREVIEWS = YES;
				GENERATE_INFOPLIST_FILE = YES;
				INFOPLIST_KEY_UIApplicationSceneManifest_Generation = YES;
				INFOPLIST_KEY_UIApplicationSupportsIndirectInputEvents = YES;
				INFOPLIST_KEY_UILaunchScreen_Generation = YES;
				INFOPLIST_KEY_UISupportedInterfaceOrientations_iPad = "UIInterfaceOrientationPortrait UIInterfaceOrientationPortraitUpsideDown UIInterfaceOrientationLandscapeLeft UIInterfaceOrientationLandscapeRight";
				INFOPLIST_KEY_UISupportedInterfaceOrientations_iPhone = "UIInterfaceOrientationPortrait UIInterfaceOrientationLandscapeLeft UIInterfaceOrientationLandscapeRight";
				LD_RUNPATH_SEARCH_PATHS = (
					"$(inherited)",
					"@executable_path/Frameworks",
				);
				MARKETING_VERSION = 1.0;
				PRODUCT_BUNDLE_IDENTIFIER = blockchaincommons.BCLibsSwiftTest;
				PRODUCT_NAME = "$(TARGET_NAME)";
				SUPPORTED_PLATFORMS = "iphoneos iphonesimulator";
				SUPPORTS_MACCATALYST = YES;
				SUPPORTS_MAC_DESIGNED_FOR_IPHONE_IPAD = YES;
				SWIFT_EMIT_LOC_STRINGS = YES;
				SWIFT_VERSION = 5.0;
				TARGETED_DEVICE_FAMILY = "1,2";
			};
			name = Release;
		};
		794CF4D229F3C9910022BA51 /* Debug */ = {
			isa = XCBuildConfiguration;
			buildSettings = {
				ASSETCATALOG_COMPILER_APPICON_NAME = AppIcon;
				ASSETCATALOG_COMPILER_GLOBAL_ACCENT_COLOR_NAME = AccentColor;
				CODE_SIGN_ENTITLEMENTS = BCLibsSwiftTestMac/BCLibsSwiftTestMac.entitlements;
				"CODE_SIGN_IDENTITY[sdk=macosx*]" = "Apple Development";
				CODE_SIGN_STYLE = Automatic;
				COMBINE_HIDPI_IMAGES = YES;
				CURRENT_PROJECT_VERSION = 1;
				DEVELOPMENT_ASSET_PATHS = "\"BCLibsSwiftTestMac/Preview Content\"";
				DEVELOPMENT_TEAM = YZHG975W3A;
				ENABLE_HARDENED_RUNTIME = YES;
				ENABLE_PREVIEWS = YES;
				GENERATE_INFOPLIST_FILE = YES;
				INFOPLIST_KEY_NSHumanReadableCopyright = "";
				LD_RUNPATH_SEARCH_PATHS = (
					"$(inherited)",
					"@executable_path/../Frameworks",
				);
				MACOSX_DEPLOYMENT_TARGET = 13.3;
				MARKETING_VERSION = 1.0;
				PRODUCT_BUNDLE_IDENTIFIER = blockchaincommons.BCLibsSwiftTestMac;
				PRODUCT_NAME = "$(TARGET_NAME)";
				SDKROOT = macosx;
				SWIFT_EMIT_LOC_STRINGS = YES;
				SWIFT_VERSION = 5.0;
			};
			name = Debug;
		};
		794CF4D329F3C9910022BA51 /* Release */ = {
			isa = XCBuildConfiguration;
			buildSettings = {
				ASSETCATALOG_COMPILER_APPICON_NAME = AppIcon;
				ASSETCATALOG_COMPILER_GLOBAL_ACCENT_COLOR_NAME = AccentColor;
				CODE_SIGN_ENTITLEMENTS = BCLibsSwiftTestMac/BCLibsSwiftTestMac.entitlements;
				"CODE_SIGN_IDENTITY[sdk=macosx*]" = "Apple Development";
				CODE_SIGN_STYLE = Automatic;
				COMBINE_HIDPI_IMAGES = YES;
				CURRENT_PROJECT_VERSION = 1;
				DEVELOPMENT_ASSET_PATHS = "\"BCLibsSwiftTestMac/Preview Content\"";
				DEVELOPMENT_TEAM = YZHG975W3A;
				ENABLE_HARDENED_RUNTIME = YES;
				ENABLE_PREVIEWS = YES;
				GENERATE_INFOPLIST_FILE = YES;
				INFOPLIST_KEY_NSHumanReadableCopyright = "";
				LD_RUNPATH_SEARCH_PATHS = (
					"$(inherited)",
					"@executable_path/../Frameworks",
				);
				MACOSX_DEPLOYMENT_TARGET = 13.3;
				MARKETING_VERSION = 1.0;
				PRODUCT_BUNDLE_IDENTIFIER = blockchaincommons.BCLibsSwiftTestMac;
				PRODUCT_NAME = "$(TARGET_NAME)";
				SDKROOT = macosx;
				SWIFT_EMIT_LOC_STRINGS = YES;
				SWIFT_VERSION = 5.0;
			};
			name = Release;
		};
/* End XCBuildConfiguration section */

/* Begin XCConfigurationList section */
		794CF4A129F3C6020022BA51 /* Build configuration list for PBXProject "BCLibsSwiftTest" */ = {
			isa = XCConfigurationList;
			buildConfigurations = (
				794CF4B229F3C6040022BA51 /* Debug */,
				794CF4B329F3C6040022BA51 /* Release */,
			);
			defaultConfigurationIsVisible = 0;
			defaultConfigurationName = Release;
		};
		794CF4B429F3C6040022BA51 /* Build configuration list for PBXNativeTarget "BCLibsSwiftTest" */ = {
			isa = XCConfigurationList;
			buildConfigurations = (
				794CF4B529F3C6040022BA51 /* Debug */,
				794CF4B629F3C6040022BA51 /* Release */,
			);
			defaultConfigurationIsVisible = 0;
			defaultConfigurationName = Release;
		};
		794CF4D129F3C9910022BA51 /* Build configuration list for PBXNativeTarget "BCLibsSwiftTestMac" */ = {
			isa = XCConfigurationList;
			buildConfigurations = (
				794CF4D229F3C9910022BA51 /* Debug */,
				794CF4D329F3C9910022BA51 /* Release */,
			);
			defaultConfigurationIsVisible = 0;
			defaultConfigurationName = Release;
		};
/* End XCConfigurationList section */
	};
	rootObject = 794CF49E29F3C6020022BA51 /* Project object */;
}
