// !$*UTF8*$!
{
	archiveVersion = 1;
	classes = {
	};
	objectVersion = 53;
	objects = {

/* Begin PBXBuildFile section */
		030A63DC25035EDA00A1D27E /* CryptoBase.framework in Frameworks */ = {isa = PBXBuildFile; fileRef = 030A63D225035ED900A1D27E /* CryptoBase.framework */; };
		030A63E325035EDA00A1D27E /* CryptoBase.h in Headers */ = {isa = PBXBuildFile; fileRef = 030A63D525035ED900A1D27E /* CryptoBase.h */; };
		030A640B250382A300A1D27E /* CryptoBaseTests.swift in Sources */ = {isa = PBXBuildFile; fileRef = 030A6404250382A300A1D27E /* CryptoBaseTests.swift */; };
		031BD4F62515746B001E6492 /* TestUtils.swift in Sources */ = {isa = PBXBuildFile; fileRef = 031BD4F52515746B001E6492 /* TestUtils.swift */; };
		03605B2E2514702D00002D2F /* CryptoBase.swift in Sources */ = {isa = PBXBuildFile; fileRef = 03605B2D2514702D00002D2F /* CryptoBase.swift */; };
		794CF41329F35BA60022BA51 /* CryptoBase.framework in Frameworks */ = {isa = PBXBuildFile; fileRef = 794CF40B29F35BA50022BA51 /* CryptoBase.framework */; };
		794CF42029F35EA80022BA51 /* CryptoBase.h in Headers */ = {isa = PBXBuildFile; fileRef = 030A63D525035ED900A1D27E /* CryptoBase.h */; };
		794CF42129F35ED20022BA51 /* CryptoBase.swift in Sources */ = {isa = PBXBuildFile; fileRef = 03605B2D2514702D00002D2F /* CryptoBase.swift */; };
		794CF42229F35EF30022BA51 /* CryptoBaseTests.swift in Sources */ = {isa = PBXBuildFile; fileRef = 030A6404250382A300A1D27E /* CryptoBaseTests.swift */; };
		794CF42329F35EF50022BA51 /* TestUtils.swift in Sources */ = {isa = PBXBuildFile; fileRef = 031BD4F52515746B001E6492 /* TestUtils.swift */; };
/* End PBXBuildFile section */

/* Begin PBXContainerItemProxy section */
		030A63DD25035EDA00A1D27E /* PBXContainerItemProxy */ = {
			isa = PBXContainerItemProxy;
			containerPortal = 030A63C925035ED900A1D27E /* Project object */;
			proxyType = 1;
			remoteGlobalIDString = 030A63D125035ED900A1D27E;
			remoteInfo = CryptoBase;
		};
		794CF41429F35BA60022BA51 /* PBXContainerItemProxy */ = {
			isa = PBXContainerItemProxy;
			containerPortal = 030A63C925035ED900A1D27E /* Project object */;
			proxyType = 1;
			remoteGlobalIDString = 794CF40A29F35BA50022BA51;
			remoteInfo = CryptoBaseMac;
		};
/* End PBXContainerItemProxy section */

/* Begin PBXFileReference section */
		030A63D225035ED900A1D27E /* CryptoBase.framework */ = {isa = PBXFileReference; explicitFileType = wrapper.framework; includeInIndex = 0; path = CryptoBase.framework; sourceTree = BUILT_PRODUCTS_DIR; };
		030A63D525035ED900A1D27E /* CryptoBase.h */ = {isa = PBXFileReference; lastKnownFileType = sourcecode.c.h; path = CryptoBase.h; sourceTree = "<group>"; };
		030A63DB25035EDA00A1D27E /* CryptoBaseTests.xctest */ = {isa = PBXFileReference; explicitFileType = wrapper.cfbundle; includeInIndex = 0; path = CryptoBaseTests.xctest; sourceTree = BUILT_PRODUCTS_DIR; };
		030A6404250382A300A1D27E /* CryptoBaseTests.swift */ = {isa = PBXFileReference; fileEncoding = 4; lastKnownFileType = sourcecode.swift; path = CryptoBaseTests.swift; sourceTree = "<group>"; };
		031BD4F52515746B001E6492 /* TestUtils.swift */ = {isa = PBXFileReference; lastKnownFileType = sourcecode.swift; path = TestUtils.swift; sourceTree = "<group>"; };
		03605B2D2514702D00002D2F /* CryptoBase.swift */ = {isa = PBXFileReference; fileEncoding = 4; lastKnownFileType = sourcecode.swift; path = CryptoBase.swift; sourceTree = "<group>"; };
		794CF40B29F35BA50022BA51 /* CryptoBase.framework */ = {isa = PBXFileReference; explicitFileType = wrapper.framework; includeInIndex = 0; path = CryptoBase.framework; sourceTree = BUILT_PRODUCTS_DIR; };
		794CF41229F35BA60022BA51 /* CryptoBaseMacTests.xctest */ = {isa = PBXFileReference; explicitFileType = wrapper.cfbundle; includeInIndex = 0; path = CryptoBaseMacTests.xctest; sourceTree = BUILT_PRODUCTS_DIR; };
/* End PBXFileReference section */

/* Begin PBXFrameworksBuildPhase section */
		030A63CF25035ED900A1D27E /* Frameworks */ = {
			isa = PBXFrameworksBuildPhase;
			buildActionMask = 2147483647;
			files = (
			);
			runOnlyForDeploymentPostprocessing = 0;
		};
		030A63D825035EDA00A1D27E /* Frameworks */ = {
			isa = PBXFrameworksBuildPhase;
			buildActionMask = 2147483647;
			files = (
				030A63DC25035EDA00A1D27E /* CryptoBase.framework in Frameworks */,
			);
			runOnlyForDeploymentPostprocessing = 0;
		};
		794CF40829F35BA50022BA51 /* Frameworks */ = {
			isa = PBXFrameworksBuildPhase;
			buildActionMask = 2147483647;
			files = (
			);
			runOnlyForDeploymentPostprocessing = 0;
		};
		794CF40F29F35BA60022BA51 /* Frameworks */ = {
			isa = PBXFrameworksBuildPhase;
			buildActionMask = 2147483647;
			files = (
				794CF41329F35BA60022BA51 /* CryptoBase.framework in Frameworks */,
			);
			runOnlyForDeploymentPostprocessing = 0;
		};
/* End PBXFrameworksBuildPhase section */

/* Begin PBXGroup section */
		030A63C825035ED900A1D27E = {
			isa = PBXGroup;
			children = (
				030A63D425035ED900A1D27E /* CryptoBase */,
				030A63DF25035EDA00A1D27E /* CryptoBaseTests */,
				030A63D325035ED900A1D27E /* Products */,
			);
			sourceTree = "<group>";
		};
		030A63D325035ED900A1D27E /* Products */ = {
			isa = PBXGroup;
			children = (
				030A63D225035ED900A1D27E /* CryptoBase.framework */,
				030A63DB25035EDA00A1D27E /* CryptoBaseTests.xctest */,
				794CF40B29F35BA50022BA51 /* CryptoBase.framework */,
				794CF41229F35BA60022BA51 /* CryptoBaseMacTests.xctest */,
			);
			name = Products;
			sourceTree = "<group>";
		};
		030A63D425035ED900A1D27E /* CryptoBase */ = {
			isa = PBXGroup;
			children = (
				030A63D525035ED900A1D27E /* CryptoBase.h */,
				03605B2D2514702D00002D2F /* CryptoBase.swift */,
			);
			path = CryptoBase;
			sourceTree = "<group>";
		};
		030A63DF25035EDA00A1D27E /* CryptoBaseTests */ = {
			isa = PBXGroup;
			children = (
				030A6404250382A300A1D27E /* CryptoBaseTests.swift */,
				031BD4F52515746B001E6492 /* TestUtils.swift */,
			);
			path = CryptoBaseTests;
			sourceTree = "<group>";
		};
/* End PBXGroup section */

/* Begin PBXHeadersBuildPhase section */
		030A63CD25035ED900A1D27E /* Headers */ = {
			isa = PBXHeadersBuildPhase;
			buildActionMask = 2147483647;
			files = (
				030A63E325035EDA00A1D27E /* CryptoBase.h in Headers */,
			);
			runOnlyForDeploymentPostprocessing = 0;
		};
		794CF40629F35BA50022BA51 /* Headers */ = {
			isa = PBXHeadersBuildPhase;
			buildActionMask = 2147483647;
			files = (
				794CF42029F35EA80022BA51 /* CryptoBase.h in Headers */,
			);
			runOnlyForDeploymentPostprocessing = 0;
		};
/* End PBXHeadersBuildPhase section */

/* Begin PBXNativeTarget section */
		030A63D125035ED900A1D27E /* CryptoBase */ = {
			isa = PBXNativeTarget;
			buildConfigurationList = 030A63E625035EDA00A1D27E /* Build configuration list for PBXNativeTarget "CryptoBase" */;
			buildPhases = (
				030A63CD25035ED900A1D27E /* Headers */,
				030A63CE25035ED900A1D27E /* Sources */,
				030A63CF25035ED900A1D27E /* Frameworks */,
				030A63D025035ED900A1D27E /* Resources */,
			);
			buildRules = (
			);
			dependencies = (
			);
			name = CryptoBase;
			productName = CryptoBase;
			productReference = 030A63D225035ED900A1D27E /* CryptoBase.framework */;
			productType = "com.apple.product-type.framework";
		};
		030A63DA25035EDA00A1D27E /* CryptoBaseTests */ = {
			isa = PBXNativeTarget;
			buildConfigurationList = 030A63E925035EDA00A1D27E /* Build configuration list for PBXNativeTarget "CryptoBaseTests" */;
			buildPhases = (
				030A63D725035EDA00A1D27E /* Sources */,
				030A63D825035EDA00A1D27E /* Frameworks */,
				030A63D925035EDA00A1D27E /* Resources */,
			);
			buildRules = (
			);
			dependencies = (
				030A63DE25035EDA00A1D27E /* PBXTargetDependency */,
			);
			name = CryptoBaseTests;
			productName = CryptoBaseTests;
			productReference = 030A63DB25035EDA00A1D27E /* CryptoBaseTests.xctest */;
			productType = "com.apple.product-type.bundle.unit-test";
		};
		794CF40A29F35BA50022BA51 /* CryptoBaseMac */ = {
			isa = PBXNativeTarget;
			buildConfigurationList = 794CF41A29F35BA60022BA51 /* Build configuration list for PBXNativeTarget "CryptoBaseMac" */;
			buildPhases = (
				794CF40629F35BA50022BA51 /* Headers */,
				794CF40729F35BA50022BA51 /* Sources */,
				794CF40829F35BA50022BA51 /* Frameworks */,
				794CF40929F35BA50022BA51 /* Resources */,
			);
			buildRules = (
			);
			dependencies = (
			);
			name = CryptoBaseMac;
			productName = CryptoBaseMac;
			productReference = 794CF40B29F35BA50022BA51 /* CryptoBase.framework */;
			productType = "com.apple.product-type.framework";
		};
		794CF41129F35BA60022BA51 /* CryptoBaseMacTests */ = {
			isa = PBXNativeTarget;
			buildConfigurationList = 794CF41D29F35BA60022BA51 /* Build configuration list for PBXNativeTarget "CryptoBaseMacTests" */;
			buildPhases = (
				794CF40E29F35BA60022BA51 /* Sources */,
				794CF40F29F35BA60022BA51 /* Frameworks */,
				794CF41029F35BA60022BA51 /* Resources */,
			);
			buildRules = (
			);
			dependencies = (
				794CF41529F35BA60022BA51 /* PBXTargetDependency */,
			);
			name = CryptoBaseMacTests;
			productName = CryptoBaseMacTests;
			productReference = 794CF41229F35BA60022BA51 /* CryptoBaseMacTests.xctest */;
			productType = "com.apple.product-type.bundle.unit-test";
		};
/* End PBXNativeTarget section */

/* Begin PBXProject section */
		030A63C925035ED900A1D27E /* Project object */ = {
			isa = PBXProject;
			attributes = {
				BuildIndependentTargetsInParallel = YES;
				LastSwiftUpdateCheck = 1430;
				LastUpgradeCheck = 1430;
				TargetAttributes = {
					030A63D125035ED900A1D27E = {
						CreatedOnToolsVersion = 12.0;
						LastSwiftMigration = 1230;
					};
					030A63DA25035EDA00A1D27E = {
						CreatedOnToolsVersion = 12.0;
					};
					794CF40A29F35BA50022BA51 = {
						CreatedOnToolsVersion = 14.3;
					};
					794CF41129F35BA60022BA51 = {
						CreatedOnToolsVersion = 14.3;
					};
				};
			};
			buildConfigurationList = 030A63CC25035ED900A1D27E /* Build configuration list for PBXProject "CryptoBase" */;
			compatibilityVersion = "Xcode 9.3";
			developmentRegion = en;
			hasScannedForEncodings = 0;
			knownRegions = (
				en,
				Base,
			);
			mainGroup = 030A63C825035ED900A1D27E;
			productRefGroup = 030A63D325035ED900A1D27E /* Products */;
			projectDirPath = "";
			projectRoot = "";
			targets = (
				030A63D125035ED900A1D27E /* CryptoBase */,
				030A63DA25035EDA00A1D27E /* CryptoBaseTests */,
				794CF40A29F35BA50022BA51 /* CryptoBaseMac */,
				794CF41129F35BA60022BA51 /* CryptoBaseMacTests */,
			);
		};
/* End PBXProject section */

/* Begin PBXResourcesBuildPhase section */
		030A63D025035ED900A1D27E /* Resources */ = {
			isa = PBXResourcesBuildPhase;
			buildActionMask = 2147483647;
			files = (
			);
			runOnlyForDeploymentPostprocessing = 0;
		};
		030A63D925035EDA00A1D27E /* Resources */ = {
			isa = PBXResourcesBuildPhase;
			buildActionMask = 2147483647;
			files = (
			);
			runOnlyForDeploymentPostprocessing = 0;
		};
		794CF40929F35BA50022BA51 /* Resources */ = {
			isa = PBXResourcesBuildPhase;
			buildActionMask = 2147483647;
			files = (
			);
			runOnlyForDeploymentPostprocessing = 0;
		};
		794CF41029F35BA60022BA51 /* Resources */ = {
			isa = PBXResourcesBuildPhase;
			buildActionMask = 2147483647;
			files = (
			);
			runOnlyForDeploymentPostprocessing = 0;
		};
/* End PBXResourcesBuildPhase section */

/* Begin PBXSourcesBuildPhase section */
		030A63CE25035ED900A1D27E /* Sources */ = {
			isa = PBXSourcesBuildPhase;
			buildActionMask = 2147483647;
			files = (
				03605B2E2514702D00002D2F /* CryptoBase.swift in Sources */,
			);
			runOnlyForDeploymentPostprocessing = 0;
		};
		030A63D725035EDA00A1D27E /* Sources */ = {
			isa = PBXSourcesBuildPhase;
			buildActionMask = 2147483647;
			files = (
				030A640B250382A300A1D27E /* CryptoBaseTests.swift in Sources */,
				031BD4F62515746B001E6492 /* TestUtils.swift in Sources */,
			);
			runOnlyForDeploymentPostprocessing = 0;
		};
		794CF40729F35BA50022BA51 /* Sources */ = {
			isa = PBXSourcesBuildPhase;
			buildActionMask = 2147483647;
			files = (
				794CF42129F35ED20022BA51 /* CryptoBase.swift in Sources */,
			);
			runOnlyForDeploymentPostprocessing = 0;
		};
		794CF40E29F35BA60022BA51 /* Sources */ = {
			isa = PBXSourcesBuildPhase;
			buildActionMask = 2147483647;
			files = (
				794CF42229F35EF30022BA51 /* CryptoBaseTests.swift in Sources */,
				794CF42329F35EF50022BA51 /* TestUtils.swift in Sources */,
			);
			runOnlyForDeploymentPostprocessing = 0;
		};
/* End PBXSourcesBuildPhase section */

/* Begin PBXTargetDependency section */
		030A63DE25035EDA00A1D27E /* PBXTargetDependency */ = {
			isa = PBXTargetDependency;
			target = 030A63D125035ED900A1D27E /* CryptoBase */;
			targetProxy = 030A63DD25035EDA00A1D27E /* PBXContainerItemProxy */;
		};
		794CF41529F35BA60022BA51 /* PBXTargetDependency */ = {
			isa = PBXTargetDependency;
			target = 794CF40A29F35BA50022BA51 /* CryptoBaseMac */;
			targetProxy = 794CF41429F35BA60022BA51 /* PBXContainerItemProxy */;
		};
/* End PBXTargetDependency section */

/* Begin XCBuildConfiguration section */
		030A63E425035EDA00A1D27E /* Debug */ = {
			isa = XCBuildConfiguration;
			buildSettings = {
				ALWAYS_SEARCH_USER_PATHS = NO;
				CLANG_ANALYZER_NONNULL = YES;
				CLANG_ANALYZER_NUMBER_OBJECT_CONVERSION = YES_AGGRESSIVE;
				CLANG_CXX_LANGUAGE_STANDARD = "gnu++20";
				CLANG_ENABLE_MODULES = YES;
				CLANG_ENABLE_OBJC_ARC = YES;
				CLANG_ENABLE_OBJC_WEAK = YES;
				CLANG_WARN_BLOCK_CAPTURE_AUTORELEASING = YES;
				CLANG_WARN_BOOL_CONVERSION = YES;
				CLANG_WARN_COMMA = YES;
				CLANG_WARN_CONSTANT_CONVERSION = YES;
				CLANG_WARN_DEPRECATED_OBJC_IMPLEMENTATIONS = YES;
				CLANG_WARN_DIRECT_OBJC_ISA_USAGE = YES_ERROR;
				CLANG_WARN_DOCUMENTATION_COMMENTS = YES;
				CLANG_WARN_EMPTY_BODY = YES;
				CLANG_WARN_ENUM_CONVERSION = YES;
				CLANG_WARN_INFINITE_RECURSION = YES;
				CLANG_WARN_INT_CONVERSION = YES;
				CLANG_WARN_NON_LITERAL_NULL_CONVERSION = YES;
				CLANG_WARN_OBJC_IMPLICIT_RETAIN_SELF = YES;
				CLANG_WARN_OBJC_LITERAL_CONVERSION = YES;
				CLANG_WARN_OBJC_ROOT_CLASS = YES_ERROR;
				CLANG_WARN_QUOTED_INCLUDE_IN_FRAMEWORK_HEADER = YES;
				CLANG_WARN_RANGE_LOOP_ANALYSIS = YES;
				CLANG_WARN_STRICT_PROTOTYPES = YES;
				CLANG_WARN_SUSPICIOUS_MOVE = YES;
				CLANG_WARN_UNGUARDED_AVAILABILITY = YES_AGGRESSIVE;
				CLANG_WARN_UNREACHABLE_CODE = YES;
				CLANG_WARN__DUPLICATE_METHOD_MATCH = YES;
				COPY_PHASE_STRIP = NO;
				CURRENT_PROJECT_VERSION = 1;
				DEBUG_INFORMATION_FORMAT = dwarf;
				ENABLE_STRICT_OBJC_MSGSEND = YES;
				ENABLE_TESTABILITY = YES;
				GCC_C_LANGUAGE_STANDARD = gnu11;
				GCC_DYNAMIC_NO_PIC = NO;
				GCC_NO_COMMON_BLOCKS = YES;
				GCC_OPTIMIZATION_LEVEL = 0;
				GCC_PREPROCESSOR_DEFINITIONS = (
					"DEBUG=1",
					"$(inherited)",
				);
				GCC_WARN_64_TO_32_BIT_CONVERSION = YES;
				GCC_WARN_ABOUT_RETURN_TYPE = YES_ERROR;
				GCC_WARN_UNDECLARED_SELECTOR = YES;
				GCC_WARN_UNINITIALIZED_AUTOS = YES_AGGRESSIVE;
				GCC_WARN_UNUSED_FUNCTION = YES;
				GCC_WARN_UNUSED_VARIABLE = YES;
				MTL_ENABLE_DEBUG_INFO = INCLUDE_SOURCE;
				MTL_FAST_MATH = YES;
				ONLY_ACTIVE_ARCH = YES;
				SDKROOT = iphoneos;
				SWIFT_ACTIVE_COMPILATION_CONDITIONS = DEBUG;
				SWIFT_OPTIMIZATION_LEVEL = "-Onone";
				VERSIONING_SYSTEM = "apple-generic";
				VERSION_INFO_PREFIX = "";
			};
			name = Debug;
		};
		030A63E525035EDA00A1D27E /* Release */ = {
			isa = XCBuildConfiguration;
			buildSettings = {
				ALWAYS_SEARCH_USER_PATHS = NO;
				CLANG_ANALYZER_NONNULL = YES;
				CLANG_ANALYZER_NUMBER_OBJECT_CONVERSION = YES_AGGRESSIVE;
				CLANG_CXX_LANGUAGE_STANDARD = "gnu++20";
				CLANG_ENABLE_MODULES = YES;
				CLANG_ENABLE_OBJC_ARC = YES;
				CLANG_ENABLE_OBJC_WEAK = YES;
				CLANG_WARN_BLOCK_CAPTURE_AUTORELEASING = YES;
				CLANG_WARN_BOOL_CONVERSION = YES;
				CLANG_WARN_COMMA = YES;
				CLANG_WARN_CONSTANT_CONVERSION = YES;
				CLANG_WARN_DEPRECATED_OBJC_IMPLEMENTATIONS = YES;
				CLANG_WARN_DIRECT_OBJC_ISA_USAGE = YES_ERROR;
				CLANG_WARN_DOCUMENTATION_COMMENTS = YES;
				CLANG_WARN_EMPTY_BODY = YES;
				CLANG_WARN_ENUM_CONVERSION = YES;
				CLANG_WARN_INFINITE_RECURSION = YES;
				CLANG_WARN_INT_CONVERSION = YES;
				CLANG_WARN_NON_LITERAL_NULL_CONVERSION = YES;
				CLANG_WARN_OBJC_IMPLICIT_RETAIN_SELF = YES;
				CLANG_WARN_OBJC_LITERAL_CONVERSION = YES;
				CLANG_WARN_OBJC_ROOT_CLASS = YES_ERROR;
				CLANG_WARN_QUOTED_INCLUDE_IN_FRAMEWORK_HEADER = YES;
				CLANG_WARN_RANGE_LOOP_ANALYSIS = YES;
				CLANG_WARN_STRICT_PROTOTYPES = YES;
				CLANG_WARN_SUSPICIOUS_MOVE = YES;
				CLANG_WARN_UNGUARDED_AVAILABILITY = YES_AGGRESSIVE;
				CLANG_WARN_UNREACHABLE_CODE = YES;
				CLANG_WARN__DUPLICATE_METHOD_MATCH = YES;
				COPY_PHASE_STRIP = NO;
				CURRENT_PROJECT_VERSION = 1;
				DEBUG_INFORMATION_FORMAT = "dwarf-with-dsym";
				ENABLE_NS_ASSERTIONS = NO;
				ENABLE_STRICT_OBJC_MSGSEND = YES;
				GCC_C_LANGUAGE_STANDARD = gnu11;
				GCC_NO_COMMON_BLOCKS = YES;
				GCC_WARN_64_TO_32_BIT_CONVERSION = YES;
				GCC_WARN_ABOUT_RETURN_TYPE = YES_ERROR;
				GCC_WARN_UNDECLARED_SELECTOR = YES;
				GCC_WARN_UNINITIALIZED_AUTOS = YES_AGGRESSIVE;
				GCC_WARN_UNUSED_FUNCTION = YES;
				GCC_WARN_UNUSED_VARIABLE = YES;
				MTL_ENABLE_DEBUG_INFO = NO;
				MTL_FAST_MATH = YES;
				ONLY_ACTIVE_ARCH = YES;
				SDKROOT = iphoneos;
				SWIFT_COMPILATION_MODE = wholemodule;
				SWIFT_OPTIMIZATION_LEVEL = "-O";
				VALIDATE_PRODUCT = YES;
				VERSIONING_SYSTEM = "apple-generic";
				VERSION_INFO_PREFIX = "";
			};
			name = Release;
		};
		030A63E725035EDA00A1D27E /* Debug */ = {
			isa = XCBuildConfiguration;
			buildSettings = {
				BUILD_LIBRARY_FOR_DISTRIBUTION = YES;
				CLANG_ENABLE_MODULES = YES;
				CURRENT_PROJECT_VERSION = 1;
				DEFINES_MODULE = YES;
				DYLIB_COMPATIBILITY_VERSION = 1;
				DYLIB_CURRENT_VERSION = 1;
				DYLIB_INSTALL_NAME_BASE = "@rpath";
				ENABLE_MODULE_VERIFIER = YES;
				GENERATE_INFOPLIST_FILE = YES;
				HEADER_SEARCH_PATHS = "\"$(SRCROOT)/../build/libs/$(ARCHS)-apple-$(SHALLOW_BUNDLE_TRIPLE)/bc-crypto-base/include/bc-crypto-base\"";
				INSTALL_PATH = "$(LOCAL_LIBRARY_DIR)/Frameworks";
				LIBRARY_SEARCH_PATHS = "\"$(SRCROOT)/../build/libs/$(ARCHS)-apple-$(SHALLOW_BUNDLE_TRIPLE)/bc-crypto-base/lib\"";
				MARKETING_VERSION = 1.0;
				MODULE_VERIFIER_SUPPORTED_LANGUAGES = "objective-c objective-c++";
				MODULE_VERIFIER_SUPPORTED_LANGUAGE_STANDARDS = "gnu11 gnu++20";
				OTHER_LDFLAGS = "-lbc-crypto-base";
				PRODUCT_BUNDLE_IDENTIFIER = blockchaincommons.CryptoBase;
				PRODUCT_NAME = "$(TARGET_NAME:c99extidentifier)";
				SWIFT_INCLUDE_PATHS = "\"$(SRCROOT)/../build/libs/$(ARCHS)-apple-$(SHALLOW_BUNDLE_TRIPLE)/bc-crypto-base/include/bc-crypto-base\"";
				SWIFT_OPTIMIZATION_LEVEL = "-Onone";
				SWIFT_VERSION = 5.0;
				TARGETED_DEVICE_FAMILY = "1,2,6";
			};
			name = Debug;
		};
		030A63E825035EDA00A1D27E /* Release */ = {
			isa = XCBuildConfiguration;
			buildSettings = {
				BUILD_LIBRARY_FOR_DISTRIBUTION = YES;
				CLANG_ENABLE_MODULES = YES;
				CURRENT_PROJECT_VERSION = 1;
				DEFINES_MODULE = YES;
				DYLIB_COMPATIBILITY_VERSION = 1;
				DYLIB_CURRENT_VERSION = 1;
				DYLIB_INSTALL_NAME_BASE = "@rpath";
				ENABLE_MODULE_VERIFIER = YES;
				GENERATE_INFOPLIST_FILE = YES;
				HEADER_SEARCH_PATHS = "\"$(SRCROOT)/../build/libs/$(ARCHS)-apple-$(SHALLOW_BUNDLE_TRIPLE)/bc-crypto-base/include/bc-crypto-base\"";
				INSTALL_PATH = "$(LOCAL_LIBRARY_DIR)/Frameworks";
				LIBRARY_SEARCH_PATHS = "\"$(SRCROOT)/../build/libs/$(ARCHS)-apple-$(SHALLOW_BUNDLE_TRIPLE)/bc-crypto-base/lib\"";
				MARKETING_VERSION = 1.0;
				MODULE_VERIFIER_SUPPORTED_LANGUAGES = "objective-c objective-c++";
				MODULE_VERIFIER_SUPPORTED_LANGUAGE_STANDARDS = "gnu11 gnu++20";
				OTHER_LDFLAGS = "-lbc-crypto-base";
				PRODUCT_BUNDLE_IDENTIFIER = blockchaincommons.CryptoBase;
				PRODUCT_NAME = "$(TARGET_NAME:c99extidentifier)";
				SWIFT_INCLUDE_PATHS = "\"$(SRCROOT)/../build/libs/$(ARCHS)-apple-$(SHALLOW_BUNDLE_TRIPLE)/bc-crypto-base/include/bc-crypto-base\"";
				SWIFT_VERSION = 5.0;
				TARGETED_DEVICE_FAMILY = "1,2,6";
			};
			name = Release;
		};
		030A63EA25035EDA00A1D27E /* Debug */ = {
			isa = XCBuildConfiguration;
			buildSettings = {
				CODE_SIGN_STYLE = Automatic;
				DEVELOPMENT_TEAM = YZHG975W3A;
				GENERATE_INFOPLIST_FILE = YES;
				IPHONEOS_DEPLOYMENT_TARGET = 15.0;
				LD_RUNPATH_SEARCH_PATHS = (
					"$(inherited)",
					"@executable_path/Frameworks",
					"@loader_path/Frameworks",
				);
				MACOSX_DEPLOYMENT_TARGET = 11.0;
				PRODUCT_BUNDLE_IDENTIFIER = blockchaincommons.CryptoBaseTests;
				PRODUCT_NAME = "$(TARGET_NAME)";
				SWIFT_VERSION = 5.0;
				TARGETED_DEVICE_FAMILY = "1,2";
			};
			name = Debug;
		};
		030A63EB25035EDA00A1D27E /* Release */ = {
			isa = XCBuildConfiguration;
			buildSettings = {
				CODE_SIGN_STYLE = Automatic;
				DEVELOPMENT_TEAM = YZHG975W3A;
				GENERATE_INFOPLIST_FILE = YES;
				IPHONEOS_DEPLOYMENT_TARGET = 15.0;
				LD_RUNPATH_SEARCH_PATHS = (
					"$(inherited)",
					"@executable_path/Frameworks",
					"@loader_path/Frameworks",
				);
				MACOSX_DEPLOYMENT_TARGET = 11.0;
				PRODUCT_BUNDLE_IDENTIFIER = blockchaincommons.CryptoBaseTests;
				PRODUCT_NAME = "$(TARGET_NAME)";
				SWIFT_VERSION = 5.0;
				TARGETED_DEVICE_FAMILY = "1,2";
			};
			name = Release;
		};
		794CF41B29F35BA60022BA51 /* Debug */ = {
			isa = XCBuildConfiguration;
			buildSettings = {
				BUILD_LIBRARY_FOR_DISTRIBUTION = YES;
				CLANG_CXX_LANGUAGE_STANDARD = "gnu++20";
				COMBINE_HIDPI_IMAGES = YES;
				CURRENT_PROJECT_VERSION = 1;
				DEFINES_MODULE = YES;
				DYLIB_COMPATIBILITY_VERSION = 1;
				DYLIB_CURRENT_VERSION = 1;
				DYLIB_INSTALL_NAME_BASE = "@rpath";
				ENABLE_MODULE_VERIFIER = YES;
				GENERATE_INFOPLIST_FILE = YES;
				HEADER_SEARCH_PATHS = "\"$(SRCROOT)/../build/libs/$(ARCHS)-apple-$(SHALLOW_BUNDLE_TRIPLE)/bc-crypto-base/include/bc-crypto-base\"";
				INFOPLIST_KEY_NSHumanReadableCopyright = "";
				INSTALL_PATH = "$(LOCAL_LIBRARY_DIR)/Frameworks";
				LIBRARY_SEARCH_PATHS = "\"$(SRCROOT)/../build/libs/$(ARCHS)-apple-$(SHALLOW_BUNDLE_TRIPLE)/bc-crypto-base/lib\"";
				MARKETING_VERSION = 1.0;
				MODULE_VERIFIER_SUPPORTED_LANGUAGES = "objective-c objective-c++";
				MODULE_VERIFIER_SUPPORTED_LANGUAGE_STANDARDS = "gnu11 gnu++20";
				OTHER_LDFLAGS = "-lbc-crypto-base";
				PRODUCT_BUNDLE_IDENTIFIER = blockchaincommons.CryptoBase;
				PRODUCT_NAME = CryptoBase;
				SDKROOT = macosx;
				SKIP_INSTALL = YES;
				SWIFT_EMIT_LOC_STRINGS = YES;
				SWIFT_INCLUDE_PATHS = "\"$(SRCROOT)/../build/libs/$(ARCHS)-apple-$(SHALLOW_BUNDLE_TRIPLE)/bc-crypto-base/include/bc-crypto-base\"";
				SWIFT_VERSION = 5.0;
			};
			name = Debug;
		};
		794CF41C29F35BA60022BA51 /* Release */ = {
			isa = XCBuildConfiguration;
			buildSettings = {
				BUILD_LIBRARY_FOR_DISTRIBUTION = YES;
				CLANG_CXX_LANGUAGE_STANDARD = "gnu++20";
				COMBINE_HIDPI_IMAGES = YES;
				CURRENT_PROJECT_VERSION = 1;
				DEFINES_MODULE = YES;
				DYLIB_COMPATIBILITY_VERSION = 1;
				DYLIB_CURRENT_VERSION = 1;
				DYLIB_INSTALL_NAME_BASE = "@rpath";
				ENABLE_MODULE_VERIFIER = YES;
				GENERATE_INFOPLIST_FILE = YES;
				HEADER_SEARCH_PATHS = "\"$(SRCROOT)/../build/libs/$(ARCHS)-apple-$(SHALLOW_BUNDLE_TRIPLE)/bc-crypto-base/include/bc-crypto-base\"";
				INFOPLIST_KEY_NSHumanReadableCopyright = "";
				INSTALL_PATH = "$(LOCAL_LIBRARY_DIR)/Frameworks";
				LIBRARY_SEARCH_PATHS = "\"$(SRCROOT)/../build/libs/$(ARCHS)-apple-$(SHALLOW_BUNDLE_TRIPLE)/bc-crypto-base/lib\"";
				MARKETING_VERSION = 1.0;
				MODULE_VERIFIER_SUPPORTED_LANGUAGES = "objective-c objective-c++";
				MODULE_VERIFIER_SUPPORTED_LANGUAGE_STANDARDS = "gnu11 gnu++20";
				OTHER_LDFLAGS = "-lbc-crypto-base";
				PRODUCT_BUNDLE_IDENTIFIER = blockchaincommons.CryptoBase;
				PRODUCT_NAME = CryptoBase;
				SDKROOT = macosx;
				SKIP_INSTALL = YES;
				SWIFT_EMIT_LOC_STRINGS = YES;
				SWIFT_INCLUDE_PATHS = "\"$(SRCROOT)/../build/libs/$(ARCHS)-apple-$(SHALLOW_BUNDLE_TRIPLE)/bc-crypto-base/include/bc-crypto-base\"";
				SWIFT_VERSION = 5.0;
			};
			name = Release;
		};
		794CF41E29F35BA60022BA51 /* Debug */ = {
			isa = XCBuildConfiguration;
			buildSettings = {
				ALWAYS_EMBED_SWIFT_STANDARD_LIBRARIES = YES;
				CLANG_CXX_LANGUAGE_STANDARD = "gnu++20";
				CODE_SIGN_STYLE = Automatic;
				CURRENT_PROJECT_VERSION = 1;
				DEVELOPMENT_TEAM = 92TUA8H52D;
				GENERATE_INFOPLIST_FILE = YES;
				MACOSX_DEPLOYMENT_TARGET = 13.3;
				MARKETING_VERSION = 1.0;
				PRODUCT_BUNDLE_IDENTIFIER = com.arciem.CryptoBaseMacTests;
				PRODUCT_NAME = "$(TARGET_NAME)";
				SDKROOT = macosx;
				SWIFT_EMIT_LOC_STRINGS = NO;
				SWIFT_VERSION = 5.0;
			};
			name = Debug;
		};
		794CF41F29F35BA60022BA51 /* Release */ = {
			isa = XCBuildConfiguration;
			buildSettings = {
				ALWAYS_EMBED_SWIFT_STANDARD_LIBRARIES = YES;
				CLANG_CXX_LANGUAGE_STANDARD = "gnu++20";
				CODE_SIGN_STYLE = Automatic;
				CURRENT_PROJECT_VERSION = 1;
				DEVELOPMENT_TEAM = 92TUA8H52D;
				GENERATE_INFOPLIST_FILE = YES;
				MACOSX_DEPLOYMENT_TARGET = 13.3;
				MARKETING_VERSION = 1.0;
				PRODUCT_BUNDLE_IDENTIFIER = com.arciem.CryptoBaseMacTests;
				PRODUCT_NAME = "$(TARGET_NAME)";
				SDKROOT = macosx;
				SWIFT_EMIT_LOC_STRINGS = NO;
				SWIFT_VERSION = 5.0;
			};
			name = Release;
		};
/* End XCBuildConfiguration section */

/* Begin XCConfigurationList section */
		030A63CC25035ED900A1D27E /* Build configuration list for PBXProject "CryptoBase" */ = {
			isa = XCConfigurationList;
			buildConfigurations = (
				030A63E425035EDA00A1D27E /* Debug */,
				030A63E525035EDA00A1D27E /* Release */,
			);
			defaultConfigurationIsVisible = 0;
			defaultConfigurationName = Release;
		};
		030A63E625035EDA00A1D27E /* Build configuration list for PBXNativeTarget "CryptoBase" */ = {
			isa = XCConfigurationList;
			buildConfigurations = (
				030A63E725035EDA00A1D27E /* Debug */,
				030A63E825035EDA00A1D27E /* Release */,
			);
			defaultConfigurationIsVisible = 0;
			defaultConfigurationName = Release;
		};
		030A63E925035EDA00A1D27E /* Build configuration list for PBXNativeTarget "CryptoBaseTests" */ = {
			isa = XCConfigurationList;
			buildConfigurations = (
				030A63EA25035EDA00A1D27E /* Debug */,
				030A63EB25035EDA00A1D27E /* Release */,
			);
			defaultConfigurationIsVisible = 0;
			defaultConfigurationName = Release;
		};
		794CF41A29F35BA60022BA51 /* Build configuration list for PBXNativeTarget "CryptoBaseMac" */ = {
			isa = XCConfigurationList;
			buildConfigurations = (
				794CF41B29F35BA60022BA51 /* Debug */,
				794CF41C29F35BA60022BA51 /* Release */,
			);
			defaultConfigurationIsVisible = 0;
			defaultConfigurationName = Release;
		};
		794CF41D29F35BA60022BA51 /* Build configuration list for PBXNativeTarget "CryptoBaseMacTests" */ = {
			isa = XCConfigurationList;
			buildConfigurations = (
				794CF41E29F35BA60022BA51 /* Debug */,
				794CF41F29F35BA60022BA51 /* Release */,
			);
			defaultConfigurationIsVisible = 0;
			defaultConfigurationName = Release;
		};
/* End XCConfigurationList section */
	};
	rootObject = 030A63C925035ED900A1D27E /* Project object */;
}
